
Microsoft Visual Studio Solution File, Format Version 12.00
# Visual Studio Version 16
VisualStudioVersion = 16.0.31112.23
MinimumVisualStudioVersion = 10.0.40219.1
Project("{2150E333-8FDC-42A3-9474-1A3956D46DE8}") = "01_DefiningClasses", "01_DefiningClasses", "{2A007311-A959-49A5-80A7-2080DA1685A0}"
EndProject
Project("{9A19103F-16F7-4668-BE54-9A1E7A4F7556}") = "DefiningClassesLAB", "01_DefiningClasses\DefiningClassesLAB\DefiningClassesLAB.csproj", "{4FFDA05B-4727-4A99-9FE5-3C97673A544C}"
EndProject
Project("{9A19103F-16F7-4668-BE54-9A1E7A4F7556}") = "DictClassListClasses", "01_DefiningClasses\DictClassListClasses\DictClassListClasses.csproj", "{48A2E918-7163-4E22-BE65-05601896CBC3}"
EndProject
Project("{2150E333-8FDC-42A3-9474-1A3956D46DE8}") = "02_WorkingWithAbstraction", "02_WorkingWithAbstraction", "{DDCFFE3F-7B90-4275-865F-5C1C882A65E3}"
EndProject
Project("{9A19103F-16F7-4668-BE54-9A1E7A4F7556}") = "Enumeration", "02_WorkingWithAbstraction\Enumeration\Enumeration.csproj", "{C8E98521-D52D-48A4-A3E2-C1E0E468FEDD}"
EndProject
Project("{9A19103F-16F7-4668-BE54-9A1E7A4F7556}") = "P01_RawData", "02_WorkingWithAbstraction\P01_RawData\P01_RawData.csproj", "{75616839-FAA3-4156-90D1-C57F4AB3E128}"
EndProject
Project("{9A19103F-16F7-4668-BE54-9A1E7A4F7556}") = "P02_CarsSalesman", "02_WorkingWithAbstraction\P02_CarsSalesman\P02_CarsSalesman.csproj", "{1992D921-82FF-4506-B06B-D4D4F67C3C0C}"
EndProject
Project("{9A19103F-16F7-4668-BE54-9A1E7A4F7556}") = "P03_JediGalaxy", "02_WorkingWithAbstraction\P03_JediGalaxy\P03_JediGalaxy.csproj", "{8A4BED36-1993-4188-B2AF-7F3425B97859}"
EndProject
Project("{9A19103F-16F7-4668-BE54-9A1E7A4F7556}") = "P04_Hospital", "02_WorkingWithAbstraction\P04_Hospital\P04_Hospital.csproj", "{7F363FF4-A45D-49AF-A9A9-9FDFBFC521DB}"
EndProject
Project("{9A19103F-16F7-4668-BE54-9A1E7A4F7556}") = "P05_GreedyTimes", "02_WorkingWithAbstraction\P05_GreedyTimes\P05_GreedyTimes.csproj", "{41AE10D0-91BD-407C-BF14-AFE3DE38C18A}"
EndProject
Project("{9A19103F-16F7-4668-BE54-9A1E7A4F7556}") = "P06_Sneaking", "02_WorkingWithAbstraction\P06_Sneaking\P06_Sneaking.csproj", "{5601D607-5E3C-4956-AC25-E772F2C23643}"
EndProject
Project("{9A19103F-16F7-4668-BE54-9A1E7A4F7556}") = "P07_FamilyTree", "02_WorkingWithAbstraction\P07_FamilyTree\P07_FamilyTree.csproj", "{87BB3BEA-C26D-4CB9-85EC-035F44C9B8B2}"
EndProject
Project("{9A19103F-16F7-4668-BE54-9A1E7A4F7556}") = "WorkingWIthAbstractionLAB", "02_WorkingWithAbstraction\WorkingWIthAbstractionLAB\WorkingWIthAbstractionLAB.csproj", "{43CCE157-05C7-4951-A64C-FCB225DB065A}"
EndProject
Project("{2150E333-8FDC-42A3-9474-1A3956D46DE8}") = "03_Encapsulation", "03_Encapsulation", "{5DBC24DF-8477-412E-8796-0E5BCE8FD5CB}"
EndProject
Project("{9A19103F-16F7-4668-BE54-9A1E7A4F7556}") = "Ex01ClassBox", "03_Encapsulation\Ex01ClassBox\Ex01ClassBox.csproj", "{670A40BC-EC71-4996-80F4-0023E186A675}"
EndProject
Project("{9A19103F-16F7-4668-BE54-9A1E7A4F7556}") = "Ex03AnimalFarm", "03_Encapsulation\Ex03AnimalFarm\Ex03AnimalFarm.csproj", "{5E38B7C7-8D51-4026-87B5-0A0E2CFF5CE9}"
EndProject
Project("{9A19103F-16F7-4668-BE54-9A1E7A4F7556}") = "Ex04ShoppingSpree", "03_Encapsulation\Ex04ShoppingSpree\Ex04ShoppingSpree.csproj", "{81493DC2-D3B5-4EC5-90DD-F6D995E8C279}"
EndProject
Project("{9A19103F-16F7-4668-BE54-9A1E7A4F7556}") = "Ex05PizzaAut", "03_Encapsulation\Ex05PizzaAut\Ex05PizzaAut.csproj", "{8985BFD6-FF97-424D-B023-231D3939DA48}"
EndProject
Project("{9A19103F-16F7-4668-BE54-9A1E7A4F7556}") = "Ex05PizzaAUTHOR", "03_Encapsulation\Ex05PizzaAUTHOR\Ex05PizzaAUTHOR.csproj", "{4F3B5812-E1D5-4598-88C3-5E3FF6100961}"
EndProject
Project("{9A19103F-16F7-4668-BE54-9A1E7A4F7556}") = "Ex05PizzaCalories", "03_Encapsulation\Ex05PizzaCalories\Ex05PizzaCalories.csproj", "{C5E9A943-2B73-4A7D-BF08-D25449EB6D0D}"
EndProject
Project("{9A19103F-16F7-4668-BE54-9A1E7A4F7556}") = "Ex06FootballTeam", "03_Encapsulation\Ex06FootballTeam\Ex06FootballTeam.csproj", "{DEA3C769-6FC8-4B34-91C0-6F022F26E7D5}"
EndProject
Project("{9A19103F-16F7-4668-BE54-9A1E7A4F7556}") = "PersonsInfo", "03_Encapsulation\PersonsInfo\PersonsInfo.csproj", "{0373F969-30FE-4ED0-8741-F2D7454DC44C}"
EndProject
Project("{2150E333-8FDC-42A3-9474-1A3956D46DE8}") = "04_Inheritance", "04_Inheritance", "{2CE12ADB-CF0F-4EDE-91D6-3365B760E30E}"
EndProject
Project("{9A19103F-16F7-4668-BE54-9A1E7A4F7556}") = "Ex01Person", "04_Inheritance\Ex01Person\Ex01Person.csproj", "{7A61C937-02A6-4324-90D0-533FF0D24B5F}"
EndProject
Project("{9A19103F-16F7-4668-BE54-9A1E7A4F7556}") = "StrinBuilderEx02BookShop", "04_Inheritance\Ex02BookShop\StrinBuilderEx02BookShop.csproj", "{464C9257-9A1C-4DF6-8179-C48C9BCB4AA6}"
EndProject
Project("{9A19103F-16F7-4668-BE54-9A1E7A4F7556}") = "RegexValidEx03", "04_Inheritance\Ex03Mankind\RegexValidEx03.csproj", "{D24F31A6-725A-43FD-B3EF-C64C60D51E36}"
EndProject
Project("{9A19103F-16F7-4668-BE54-9A1E7A4F7556}") = "Ex04OnlineRadioDB", "04_Inheritance\Ex04OnlineRadioDB\Ex04OnlineRadioDB.csproj", "{CABC2EAD-D451-4251-B4CE-4EC6B102FF1E}"
EndProject
Project("{9A19103F-16F7-4668-BE54-9A1E7A4F7556}") = "Ex05MordorsCruelPlan", "04_Inheritance\Ex05MordorsCruelPlan\Ex05MordorsCruelPlan.csproj", "{5BF2C3ED-7BC0-489A-8527-F936DCCA56FD}"
EndProject
Project("{9A19103F-16F7-4668-BE54-9A1E7A4F7556}") = "Ex06Animals", "04_Inheritance\Ex06Animals\Ex06Animals.csproj", "{73B9587E-41A2-44DF-9461-8E08693EC94C}"
EndProject
Project("{9A19103F-16F7-4668-BE54-9A1E7A4F7556}") = "InheritanceLAB", "04_Inheritance\InheritanceLAB\InheritanceLAB.csproj", "{0E0AF83F-EB41-4B0B-8847-7C5F6F78F2CD}"
EndProject
Project("{9A19103F-16F7-4668-BE54-9A1E7A4F7556}") = "ExtensionRandomList", "04_Inheritance\RandomList\ExtensionRandomList.csproj", "{AC14F306-F8C8-4DEE-AF5A-E14EB6AE0F56}"
EndProject
Project("{9A19103F-16F7-4668-BE54-9A1E7A4F7556}") = "SteckOfStrings", "04_Inheritance\SteckOfStrings\SteckOfStrings.csproj", "{D872ED7B-B2E4-40A4-BA06-2F30DB071C92}"
EndProject
Project("{2150E333-8FDC-42A3-9474-1A3956D46DE8}") = "05_InterfacesAndAbstraction", "05_InterfacesAndAbstraction", "{B3EAA488-6D59-4CBB-BF8D-361351FE41C8}"
EndProject
Project("{9A19103F-16F7-4668-BE54-9A1E7A4F7556}") = "AbstractionLAB", "05_InterfacesAndAbstraction\AbstractionLAB\AbstractionLAB.csproj", "{6E9EA639-E926-4AF2-85C8-9762C21883D0}"
EndProject
Project("{9A19103F-16F7-4668-BE54-9A1E7A4F7556}") = "Cars", "05_InterfacesAndAbstraction\Cars\Cars.csproj", "{E5A65E0B-11E3-46B5-9BD2-1FC3E5B65EA1}"
EndProject
Project("{9A19103F-16F7-4668-BE54-9A1E7A4F7556}") = "Engine09CollectionHierarchy", "05_InterfacesAndAbstraction\Engine09CollectionHierarchy\Engine09CollectionHierarchy.csproj", "{CA2D8048-7D7F-4DE8-8AF2-E2379F699407}"
EndProject
Project("{9A19103F-16F7-4668-BE54-9A1E7A4F7556}") = "Ex03Ferrari", "05_InterfacesAndAbstraction\Ex03Ferrari\Ex03Ferrari.csproj", "{C25951A5-ABBB-4188-BE6E-3153E6BEF9E1}"
EndProject
Project("{9A19103F-16F7-4668-BE54-9A1E7A4F7556}") = "Ex04Telephony", "05_InterfacesAndAbstraction\Ex04Telephony\Ex04Telephony.csproj", "{47CE5CB7-05F6-4323-AF2A-0697A839F0F7}"
EndProject
Project("{9A19103F-16F7-4668-BE54-9A1E7A4F7556}") = "Ex04TelephonyAS", "05_InterfacesAndAbstraction\Ex04TelephonyAS\Ex04TelephonyAS.csproj", "{66DD5A08-9AAE-44B6-9B56-2D061D6B627E}"
EndProject
Project("{9A19103F-16F7-4668-BE54-9A1E7A4F7556}") = "Ex05BorderControl", "05_InterfacesAndAbstraction\Ex05BorderControl\Ex05BorderControl.csproj", "{36EA523C-C7B9-48F9-AE4E-8E093B13F6A1}"
EndProject
Project("{9A19103F-16F7-4668-BE54-9A1E7A4F7556}") = "Ex08MilitaryElite", "05_InterfacesAndAbstraction\Ex08MilitaryElite\Ex08MilitaryElite.csproj", "{E2C67F15-E71F-4228-9D3A-9364C58ECCE9}"
EndProject
Project("{9A19103F-16F7-4668-BE54-9A1E7A4F7556}") = "ExplicitInterfaces", "05_InterfacesAndAbstraction\Ex10ExplicitInterfaces\ExplicitInterfaces.csproj", "{E37FD9C1-D80E-4CB2-B274-9814A738292D}"
EndProject
Project("{9A19103F-16F7-4668-BE54-9A1E7A4F7556}") = "InterfaceLAB", "05_InterfacesAndAbstraction\InterfacesAndAbstractionLAB\InterfaceLAB.csproj", "{9AD14DE0-F20F-48E0-A3FB-009B6AA0C6C6}"
EndProject
Project("{9A19103F-16F7-4668-BE54-9A1E7A4F7556}") = "PersonInfo", "05_InterfacesAndAbstraction\PersonInfo\PersonInfo.csproj", "{708C3AAF-B385-4E3E-84E3-82A2873E87F5}"
EndProject
Project("{9A19103F-16F7-4668-BE54-9A1E7A4F7556}") = "Shapes", "05_InterfacesAndAbstraction\Shapes\Shapes.csproj", "{CECA5A76-81A9-4A08-8715-20CCB7F43190}"
EndProject
Project("{2150E333-8FDC-42A3-9474-1A3956D46DE8}") = "06_Polymorphism", "06_Polymorphism", "{B5ADB99D-1ACB-4753-BC68-C5AF0320AF59}"
EndProject
Project("{9A19103F-16F7-4668-BE54-9A1E7A4F7556}") = "Ex01Vehicles", "06_Polymorphism\Ex01Vehicles\Ex01Vehicles.csproj", "{A0EBE2CC-36BB-4F80-98C1-737B37D505B7}"
EndProject
Project("{9A19103F-16F7-4668-BE54-9A1E7A4F7556}") = "Ex03WildFarm", "06_Polymorphism\Ex03WildFarm\Ex03WildFarm.csproj", "{E100FBC9-DF88-49CB-9FD4-A1724C95D0DA}"
EndProject
Project("{9A19103F-16F7-4668-BE54-9A1E7A4F7556}") = "PolymorphismLAB", "06_Polymorphism\PolymorphismLAB\PolymorphismLAB.csproj", "{DB2C5CF5-E7D2-4453-9165-76E06EB79C0F}"
EndProject
Project("{9A19103F-16F7-4668-BE54-9A1E7A4F7556}") = "Interfaces", "06_Polymorphism\ShapesLAB\Interfaces.csproj", "{1E071D9C-E1B8-4783-8EF9-36AE259B59A3}"
EndProject
Project("{2150E333-8FDC-42A3-9474-1A3956D46DE8}") = "07_ExceptionHandling", "07_ExceptionHandling", "{C3C1E9DC-DCB0-45DC-801A-EEFA325FD6BF}"
EndProject
Project("{9A19103F-16F7-4668-BE54-9A1E7A4F7556}") = "CustomException", "07_ExceptionHandling\CustomException\CustomException.csproj", "{BF154D7B-B5E4-4385-9941-38D5C6E261A2}"
EndProject
Project("{9A19103F-16F7-4668-BE54-9A1E7A4F7556}") = "ExceptionHandlingLAB", "07_ExceptionHandling\ExceptionHandlingLAB\ExceptionHandlingLAB.csproj", "{2C337CB6-B7AE-4E6F-86CB-FDFEF7DFAA3A}"
EndProject
Project("{9A19103F-16F7-4668-BE54-9A1E7A4F7556}") = "ExceptionsLABEx", "07_ExceptionHandling\ExceptionsLABEx\ExceptionsLABEx.csproj", "{AF3AE84B-EBD3-410E-AB17-24D945ED8F5D}"
EndProject
Project("{2150E333-8FDC-42A3-9474-1A3956D46DE8}") = "Exercises", "Exercises", "{87BAFA3B-F7E6-4BA0-89D5-256F2AB6442F}"
EndProject
Project("{9A19103F-16F7-4668-BE54-9A1E7A4F7556}") = "DungeonsAndCodeWizards", "Exercises\DungeonsAndWizards\DungeonsAndCodeWizards.csproj", "{1550BE23-C9A2-446C-BFFA-F08B35E29870}"
EndProject
Project("{9A19103F-16F7-4668-BE54-9A1E7A4F7556}") = "GrandPrix", "Exercises\GrandPrix\GrandPrix.csproj", "{2B29B111-B66E-4F05-AAB7-A5AF30382DED}"
EndProject
Project("{9A19103F-16F7-4668-BE54-9A1E7A4F7556}") = "Minedraft", "Exercises\Minedraft\Minedraft.csproj", "{E5EB9BCC-E135-48C0-A0AE-1BE3C0609232}"
EndProject
Project("{9A19103F-16F7-4668-BE54-9A1E7A4F7556}") = "StorageMaster", "Exercises\StorageMaster\StorageMaster.csproj", "{E78660D8-7A4C-401A-BCAD-BF541596CD7A}"
EndProject
Project("{2150E333-8FDC-42A3-9474-1A3956D46DE8}") = "08_SOLID", "08_SOLID", "{99839C5B-7D23-4F70-834C-524B72D8DFD1}"
EndProject
Project("{9A19103F-16F7-4668-BE54-9A1E7A4F7556}") = "SOLID", "08_SOLID\SOLID.csproj", "{CDAEAAAA-C2E6-4CD8-9450-DAAF5976C31D}"
EndProject
Project("{2150E333-8FDC-42A3-9474-1A3956D46DE8}") = "09_Generics", "09_Generics", "{480F35AB-C37D-4476-AEEF-3CE46212B77F}"
EndProject
Project("{9A19103F-16F7-4668-BE54-9A1E7A4F7556}") = "ExCustomList", "09_Generics\ExCustomList\ExCustomList.csproj", "{3F97A186-F25C-47A5-A7D8-5255594DD96D}"
EndProject
Project("{9A19103F-16F7-4668-BE54-9A1E7A4F7556}") = "ExGenericBox", "09_Generics\ExGenericBox\ExGenericBox.csproj", "{17820188-14D4-43E9-8BBA-643EB7E0B2A4}"
EndProject
Project("{9A19103F-16F7-4668-BE54-9A1E7A4F7556}") = "GenericsLab", "09_Generics\GenericsLab\GenericsLab.csproj", "{2DD40B35-C6E7-4BCF-A7F7-F7703DD144B1}"
EndProject
Project("{2150E333-8FDC-42A3-9474-1A3956D46DE8}") = "10_IteratorsAndComparator", "10_IteratorsAndComparator", "{02F7B999-5676-40DE-B301-A77D79AE98FF}"
EndProject
Project("{9A19103F-16F7-4668-BE54-9A1E7A4F7556}") = "ExComparingObjects", "10_IteratorsAndComparator\ExComparingObjects\ExComparingObjects.csproj", "{1E15ADFD-3114-42D4-9DDD-50B7BC3AB7E4}"
EndProject
Project("{9A19103F-16F7-4668-BE54-9A1E7A4F7556}") = "ExFroggy", "10_IteratorsAndComparator\ExFroggy\ExFroggy.csproj", "{AA7563E9-6828-437C-9838-8A7E9D2E9B1F}"
EndProject
Project("{9A19103F-16F7-4668-BE54-9A1E7A4F7556}") = "ExListyIterator", "10_IteratorsAndComparator\ExListyIterator\ExListyIterator.csproj", "{4B67AD24-5A50-4633-923D-ED2372E0DF03}"
EndProject
Project("{9A19103F-16F7-4668-BE54-9A1E7A4F7556}") = "ExPetClinics", "10_IteratorsAndComparator\ExPetClinics\ExPetClinics.csproj", "{361FACFA-E33D-4FFA-AC12-7C7CADCDE6F9}"
EndProject
Project("{9A19103F-16F7-4668-BE54-9A1E7A4F7556}") = "ExStack", "10_IteratorsAndComparator\ExStack\ExStack.csproj", "{91CA4CDC-C2BE-41E0-9FE9-B90310BB57C8}"
EndProject
Project("{9A19103F-16F7-4668-BE54-9A1E7A4F7556}") = "OverrideHashCode", "10_IteratorsAndComparator\ExStrategyPattern\OverrideHashCode.csproj", "{113D0CC6-0229-4650-A407-D26F01BAAAB3}"
EndProject
Project("{9A19103F-16F7-4668-BE54-9A1E7A4F7556}") = "IteratorsAndComparators", "10_IteratorsAndComparator\IteratorsAndComparators\IteratorsAndComparators.csproj", "{5F16FC92-A72B-4643-8569-AC5FBF4F4209}"
EndProject
Project("{9A19103F-16F7-4668-BE54-9A1E7A4F7556}") = "IteratorsAndComparatorsLAB", "10_IteratorsAndComparator\IteratorsAndComparatorsLAB\IteratorsAndComparatorsLAB.csproj", "{5660E4D3-5D65-4DFC-ABAC-F6BE95A1D108}"
EndProject
Project("{9A19103F-16F7-4668-BE54-9A1E7A4F7556}") = "LinkedListTraversalEx", "10_IteratorsAndComparator\LinkedListTraversalEx\LinkedListTraversalEx.csproj", "{47D45D82-7669-40C7-9B64-C34A14CC7748}"
EndProject
Project("{2150E333-8FDC-42A3-9474-1A3956D46DE8}") = "11_ReflectionAndAttributes", "11_ReflectionAndAttributes", "{B4405685-581F-4676-99FD-68756CA2A41A}"
EndProject
Project("{2150E333-8FDC-42A3-9474-1A3956D46DE8}") = "LabProblems", "LabProblems", "{BE2C3E09-950B-4620-92B5-FE9E85392CBF}"
EndProject
Project("{9A19103F-16F7-4668-BE54-9A1E7A4F7556}") = "Problem01", "11_ReflectionAndAttributes\LabProblems\Problem01\Problem01.csproj", "{CF92FF4E-F822-4ABD-8965-2AEE891FC4AD}"
EndProject
Project("{9A19103F-16F7-4668-BE54-9A1E7A4F7556}") = "Problem02", "11_ReflectionAndAttributes\LabProblems\Problem02\Problem02.csproj", "{B860A11F-6A3C-4210-AFAB-D113551B05CF}"
EndProject
Project("{9A19103F-16F7-4668-BE54-9A1E7A4F7556}") = "Problem03", "11_ReflectionAndAttributes\LabProblems\Problem03\Problem03.csproj", "{A3AA10FF-9657-4316-8B80-25E60EC5D00D}"
EndProject
Project("{9A19103F-16F7-4668-BE54-9A1E7A4F7556}") = "Problem03.Extension", "11_ReflectionAndAttributes\LabProblems\Problem03.Extension\Problem03.Extension.csproj", "{B2ABD3D3-075E-4930-9907-A0C5A253DD7C}"
EndProject
Project("{9A19103F-16F7-4668-BE54-9A1E7A4F7556}") = "Problem05", "11_ReflectionAndAttributes\LabProblems\Problem05\Problem05.csproj", "{F31548B6-9FE6-4F0D-AC76-25E5D0BC9ED2}"
EndProject
Project("{9A19103F-16F7-4668-BE54-9A1E7A4F7556}") = "Problem06", "11_ReflectionAndAttributes\LabProblems\Problem06\Problem06.csproj", "{D1FD28BC-8980-4004-A226-E4EF56EF92E3}"
EndProject
Project("{9A19103F-16F7-4668-BE54-9A1E7A4F7556}") = "Problem00.SandBox", "11_ReflectionAndAttributes\LabProblems\Problem00.SandBox\Problem00.SandBox.csproj", "{04E51862-FE47-4513-903C-D3416C8A5C48}"
EndProject
Project("{9A19103F-16F7-4668-BE54-9A1E7A4F7556}") = "AllWeNeed", "11_ReflectionAndAttributes\AllWeNeed\AllWeNeed.csproj", "{A4839632-0EDA-466C-9AF0-574BACA148CB}"
EndProject
Project("{9A19103F-16F7-4668-BE54-9A1E7A4F7556}") = "BarracksWarsReturnOfTheDependencies", "11_ReflectionAndAttributes\BarracksWarsReturnOfTheDependencies\BarracksWarsReturnOfTheDependencies.csproj", "{3971CC7A-143C-4D17-B825-A513007C3EEA}"
EndProject
Project("{9A19103F-16F7-4668-BE54-9A1E7A4F7556}") = "CreateFactoryReplaceSwitch", "11_ReflectionAndAttributes\CreateFactoryReplaceSwitch\CreateFactoryReplaceSwitch.csproj", "{D82A292F-0727-4EC8-A6D9-CF4A515F8F6C}"
EndProject
Project("{9A19103F-16F7-4668-BE54-9A1E7A4F7556}") = "CustomClassAttribute", "11_ReflectionAndAttributes\CustomClassAttribute\CustomClassAttribute.csproj", "{DEBE40EE-2DBA-40AB-8036-12316D6E55AE}"
EndProject
Project("{9A19103F-16F7-4668-BE54-9A1E7A4F7556}") = "DependancyInjection", "11_ReflectionAndAttributes\DependancyIndjection\DependancyInjection.csproj", "{E1AC17CF-C1A3-44C4-9A21-5F5DD52A1146}"
EndProject
Project("{9A19103F-16F7-4668-BE54-9A1E7A4F7556}") = "EnumTrafficLights", "11_ReflectionAndAttributes\EnumTrafficLights\EnumTrafficLights.csproj", "{1EED9C11-D8C9-477D-B954-646B4850EA51}"
EndProject
Project("{9A19103F-16F7-4668-BE54-9A1E7A4F7556}") = "GetFieldsByAccess", "11_ReflectionAndAttributes\GetFieldsByAccess\GetFieldsByAccess.csproj", "{3AFDFC2E-525D-4017-8A5A-9E48B2BD5E8D}"
EndProject
Project("{9A19103F-16F7-4668-BE54-9A1E7A4F7556}") = "InstanceUseMethods", "11_ReflectionAndAttributes\InstanceUseMethods\InstanceUseMethods.csproj", "{E19DFCC5-A50B-47BD-9FC7-CFE6735C91A7}"
EndProject
Project("{9A19103F-16F7-4668-BE54-9A1E7A4F7556}") = "ReflectCLassesInfernoInfinity", "11_ReflectionAndAttributes\ReflectCLassesInfernoInfinity\ReflectCLassesInfernoInfinity.csproj", "{93C0BB41-2EC4-40E2-B9F7-D1379D31A568}"
EndProject
Project("{9A19103F-16F7-4668-BE54-9A1E7A4F7556}") = "ReflectionAndAttributesLAB", "11_ReflectionAndAttributes\ReflectionAndAttributesLAB\ReflectionAndAttributesLAB.csproj", "{919583A2-3749-4C9B-9A00-82E385ED1750}"
EndProject
Project("{2150E333-8FDC-42A3-9474-1A3956D46DE8}") = "12_UnitTesting", "12_UnitTesting", "{9BBFF37E-8FEB-42E5-8CCD-C6E8E854F63B}"
EndProject
Project("{9A19103F-16F7-4668-BE54-9A1E7A4F7556}") = "BankAccountTests.Tests", "12_UnitTesting\BankAccountTests.Tests\BankAccountTests.Tests.csproj", "{D132D718-FF9C-4F91-B53F-AE2236A95CD4}"
EndProject
Project("{9A19103F-16F7-4668-BE54-9A1E7A4F7556}") = "CustomLinkedList", "12_UnitTesting\CustomLinkedList\CustomLinkedList.csproj", "{1CD69979-B141-40DE-8B39-02E349455A50}"
EndProject
Project("{9A19103F-16F7-4668-BE54-9A1E7A4F7556}") = "CustomLinkedList.Tests", "12_UnitTesting\CustomLinkedList.Tests\CustomLinkedList.Tests.csproj", "{CFA6F54C-5D91-4072-8439-A9B031804C6A}"
EndProject
Project("{9A19103F-16F7-4668-BE54-9A1E7A4F7556}") = "ExDatabase", "12_UnitTesting\ExDatabase\ExDatabase.csproj", "{90832198-5788-4562-AD11-7F9D5159D42A}"
EndProject
Project("{9A19103F-16F7-4668-BE54-9A1E7A4F7556}") = "IntDatabase.Tests", "12_UnitTesting\ExDatabase.Tests\IntDatabase.Tests.csproj", "{A6609361-F9B1-468C-8F4F-2D032BBD5956}"
EndProject
Project("{9A19103F-16F7-4668-BE54-9A1E7A4F7556}") = "Skeleton", "12_UnitTesting\Skeleton\Skeleton.csproj", "{AD5AF1D5-E207-41F6-B9DF-8CFF20E67DE8}"
EndProject
Project("{9A19103F-16F7-4668-BE54-9A1E7A4F7556}") = "Skeleton.Tests", "12_UnitTesting\Skeleton.Tests\Skeleton.Tests.csproj", "{C5ABEAD3-EC1B-42F1-B85D-83C6215E07CF}"
EndProject
Project("{9A19103F-16F7-4668-BE54-9A1E7A4F7556}") = "StorageMaster", "12_UnitTesting\StorageMaster\StorageMaster.csproj", "{AEC77E74-6B78-4299-8FC6-E6F9E357CB0B}"
EndProject
Project("{9A19103F-16F7-4668-BE54-9A1E7A4F7556}") = "StorageMester.BusinessLogic.Tests", "12_UnitTesting\StorageMester.BusinessLogic.Tests\StorageMester.BusinessLogic.Tests.csproj", "{E4688CE4-000A-4722-A7F5-D738135B19DD}"
EndProject
Project("{9A19103F-16F7-4668-BE54-9A1E7A4F7556}") = "StorageMester.Tests.Structure", "12_UnitTesting\StorageMester.Tests.Structure\StorageMester.Tests.Structure.csproj", "{A4C245A6-25D7-4EF7-99AF-D21513B7C617}"
EndProject
Project("{9A19103F-16F7-4668-BE54-9A1E7A4F7556}") = "UnitTestingLab", "12_UnitTesting\UnitTestingLab\UnitTestingLab.csproj", "{160B16EA-0F40-4E88-A281-22202F3ABECD}"
EndProject
Project("{2150E333-8FDC-42A3-9474-1A3956D46DE8}") = "13_ObjectCommAndEvents", "13_ObjectCommAndEvents", "{312F3C1E-F500-425B-BA3F-143A9CE62B93}"
EndProject
Project("{9A19103F-16F7-4668-BE54-9A1E7A4F7556}") = "Heroes", "13_ObjectCommAndEvents\CommunicationAndEvents\Heroes.csproj", "{B13E233C-B24C-407C-A93F-B2EE51418BC1}"
EndProject
Project("{2150E333-8FDC-42A3-9474-1A3956D46DE8}") = "DependencyInversion", "DependencyInversion", "{694E7316-9F30-4777-B1A6-BDD88D2F8396}"
	ProjectSection(SolutionItems) = preProject
		13_ObjectCommAndEvents\DependencyInversion\AdditionStrategy.cs = 13_ObjectCommAndEvents\DependencyInversion\AdditionStrategy.cs
		13_ObjectCommAndEvents\DependencyInversion\PrimitiveCalculator.cs = 13_ObjectCommAndEvents\DependencyInversion\PrimitiveCalculator.cs
		13_ObjectCommAndEvents\DependencyInversion\SubtractionStrategy.cs = 13_ObjectCommAndEvents\DependencyInversion\SubtractionStrategy.cs
	EndProjectSection
EndProject
Project("{9A19103F-16F7-4668-BE54-9A1E7A4F7556}") = "TODOs", "Exercises\TODOs\TODOs.csproj", "{361B5241-DD7B-47A8-9E57-9E0A284FFDF6}"
EndProject
Project("{9A19103F-16F7-4668-BE54-9A1E7A4F7556}") = "FestivalManager", "Exercises\FestivalManager\FestivalManager.csproj", "{6A32636A-F383-4C0A-9096-71FE7180DED5}"
EndProject
Project("{9A19103F-16F7-4668-BE54-9A1E7A4F7556}") = "FestivalManagerAu", "Exercises\FestivalManagerAu\FestivalManagerAu.csproj", "{EBB868E8-B8FD-4552-99B7-2E71BA722393}"
EndProject
Project("{9A19103F-16F7-4668-BE54-9A1E7A4F7556}") = "FestivalManager.Tests", "Exercises\FestivalManagerAu.Tests\FestivalManager.Tests.csproj", "{EC45DB57-048D-44E2-9DC9-A9897367DEB2}"
EndProject
Project("{9A19103F-16F7-4668-BE54-9A1E7A4F7556}") = "Ex10Tuple", "09_Generics\Ex10Tuple\Ex10Tuple.csproj", "{7DD472D2-8D78-4D90-99AE-D105AAC7F18E}"
EndProject
Project("{2150E333-8FDC-42A3-9474-1A3956D46DE8}") = "14_DependencyInjection", "14_DependencyInjection", "{9C99AC11-5AE2-4707-9AC0-0677999290E7}"
EndProject
Project("{9A19103F-16F7-4668-BE54-9A1E7A4F7556}") = "MyCrazyApp", "14_DependencyInjection\MyCrazyApp\MyCrazyApp.csproj", "{A2DCCB21-AE6A-4BF9-89A7-B8CD9697B55E}"
EndProject
Project("{9A19103F-16F7-4668-BE54-9A1E7A4F7556}") = "SoftUniDi", "14_DependencyInjection\SoftUniDi\SoftUniDi.csproj", "{ED938A8C-D077-4E34-A03D-931689CE6894}"
EndProject
Project("{9A19103F-16F7-4668-BE54-9A1E7A4F7556}") = "Travel", "Exercises\Travel\Travel.csproj", "{29A23C0A-256E-4845-9F19-4DE5FA3038B1}"
EndProject
Project("{9A19103F-16F7-4668-BE54-9A1E7A4F7556}") = "Travel.Tests", "Exercises\Travel.Tests\Travel.Tests.csproj", "{583382F1-9AB6-45D4-9976-8FF949B44295}"
EndProject
Global
	GlobalSection(SolutionConfigurationPlatforms) = preSolution
		Debug|Any CPU = Debug|Any CPU
		Release|Any CPU = Release|Any CPU
		Test|Any CPU = Test|Any CPU
	EndGlobalSection
	GlobalSection(ProjectConfigurationPlatforms) = postSolution
		{4FFDA05B-4727-4A99-9FE5-3C97673A544C}.Debug|Any CPU.ActiveCfg = Debug|Any CPU
		{4FFDA05B-4727-4A99-9FE5-3C97673A544C}.Debug|Any CPU.Build.0 = Debug|Any CPU
		{4FFDA05B-4727-4A99-9FE5-3C97673A544C}.Release|Any CPU.ActiveCfg = Release|Any CPU
		{4FFDA05B-4727-4A99-9FE5-3C97673A544C}.Release|Any CPU.Build.0 = Release|Any CPU
		{4FFDA05B-4727-4A99-9FE5-3C97673A544C}.Test|Any CPU.ActiveCfg = Release|Any CPU
		{4FFDA05B-4727-4A99-9FE5-3C97673A544C}.Test|Any CPU.Build.0 = Release|Any CPU
		{48A2E918-7163-4E22-BE65-05601896CBC3}.Debug|Any CPU.ActiveCfg = Debug|Any CPU
		{48A2E918-7163-4E22-BE65-05601896CBC3}.Debug|Any CPU.Build.0 = Debug|Any CPU
		{48A2E918-7163-4E22-BE65-05601896CBC3}.Release|Any CPU.ActiveCfg = Release|Any CPU
		{48A2E918-7163-4E22-BE65-05601896CBC3}.Release|Any CPU.Build.0 = Release|Any CPU
		{48A2E918-7163-4E22-BE65-05601896CBC3}.Test|Any CPU.ActiveCfg = Release|Any CPU
		{48A2E918-7163-4E22-BE65-05601896CBC3}.Test|Any CPU.Build.0 = Release|Any CPU
		{C8E98521-D52D-48A4-A3E2-C1E0E468FEDD}.Debug|Any CPU.ActiveCfg = Debug|Any CPU
		{C8E98521-D52D-48A4-A3E2-C1E0E468FEDD}.Debug|Any CPU.Build.0 = Debug|Any CPU
		{C8E98521-D52D-48A4-A3E2-C1E0E468FEDD}.Release|Any CPU.ActiveCfg = Release|Any CPU
		{C8E98521-D52D-48A4-A3E2-C1E0E468FEDD}.Release|Any CPU.Build.0 = Release|Any CPU
		{C8E98521-D52D-48A4-A3E2-C1E0E468FEDD}.Test|Any CPU.ActiveCfg = Release|Any CPU
		{C8E98521-D52D-48A4-A3E2-C1E0E468FEDD}.Test|Any CPU.Build.0 = Release|Any CPU
		{75616839-FAA3-4156-90D1-C57F4AB3E128}.Debug|Any CPU.ActiveCfg = Debug|Any CPU
		{75616839-FAA3-4156-90D1-C57F4AB3E128}.Debug|Any CPU.Build.0 = Debug|Any CPU
		{75616839-FAA3-4156-90D1-C57F4AB3E128}.Release|Any CPU.ActiveCfg = Release|Any CPU
		{75616839-FAA3-4156-90D1-C57F4AB3E128}.Release|Any CPU.Build.0 = Release|Any CPU
		{75616839-FAA3-4156-90D1-C57F4AB3E128}.Test|Any CPU.ActiveCfg = Release|Any CPU
		{75616839-FAA3-4156-90D1-C57F4AB3E128}.Test|Any CPU.Build.0 = Release|Any CPU
		{1992D921-82FF-4506-B06B-D4D4F67C3C0C}.Debug|Any CPU.ActiveCfg = Debug|Any CPU
		{1992D921-82FF-4506-B06B-D4D4F67C3C0C}.Debug|Any CPU.Build.0 = Debug|Any CPU
		{1992D921-82FF-4506-B06B-D4D4F67C3C0C}.Release|Any CPU.ActiveCfg = Release|Any CPU
		{1992D921-82FF-4506-B06B-D4D4F67C3C0C}.Release|Any CPU.Build.0 = Release|Any CPU
		{1992D921-82FF-4506-B06B-D4D4F67C3C0C}.Test|Any CPU.ActiveCfg = Release|Any CPU
		{1992D921-82FF-4506-B06B-D4D4F67C3C0C}.Test|Any CPU.Build.0 = Release|Any CPU
		{8A4BED36-1993-4188-B2AF-7F3425B97859}.Debug|Any CPU.ActiveCfg = Debug|Any CPU
		{8A4BED36-1993-4188-B2AF-7F3425B97859}.Debug|Any CPU.Build.0 = Debug|Any CPU
		{8A4BED36-1993-4188-B2AF-7F3425B97859}.Release|Any CPU.ActiveCfg = Release|Any CPU
		{8A4BED36-1993-4188-B2AF-7F3425B97859}.Release|Any CPU.Build.0 = Release|Any CPU
		{8A4BED36-1993-4188-B2AF-7F3425B97859}.Test|Any CPU.ActiveCfg = Release|Any CPU
		{8A4BED36-1993-4188-B2AF-7F3425B97859}.Test|Any CPU.Build.0 = Release|Any CPU
		{7F363FF4-A45D-49AF-A9A9-9FDFBFC521DB}.Debug|Any CPU.ActiveCfg = Debug|Any CPU
		{7F363FF4-A45D-49AF-A9A9-9FDFBFC521DB}.Debug|Any CPU.Build.0 = Debug|Any CPU
		{7F363FF4-A45D-49AF-A9A9-9FDFBFC521DB}.Release|Any CPU.ActiveCfg = Release|Any CPU
		{7F363FF4-A45D-49AF-A9A9-9FDFBFC521DB}.Release|Any CPU.Build.0 = Release|Any CPU
		{7F363FF4-A45D-49AF-A9A9-9FDFBFC521DB}.Test|Any CPU.ActiveCfg = Release|Any CPU
		{7F363FF4-A45D-49AF-A9A9-9FDFBFC521DB}.Test|Any CPU.Build.0 = Release|Any CPU
		{41AE10D0-91BD-407C-BF14-AFE3DE38C18A}.Debug|Any CPU.ActiveCfg = Debug|Any CPU
		{41AE10D0-91BD-407C-BF14-AFE3DE38C18A}.Debug|Any CPU.Build.0 = Debug|Any CPU
		{41AE10D0-91BD-407C-BF14-AFE3DE38C18A}.Release|Any CPU.ActiveCfg = Release|Any CPU
		{41AE10D0-91BD-407C-BF14-AFE3DE38C18A}.Release|Any CPU.Build.0 = Release|Any CPU
		{41AE10D0-91BD-407C-BF14-AFE3DE38C18A}.Test|Any CPU.ActiveCfg = Release|Any CPU
		{41AE10D0-91BD-407C-BF14-AFE3DE38C18A}.Test|Any CPU.Build.0 = Release|Any CPU
		{5601D607-5E3C-4956-AC25-E772F2C23643}.Debug|Any CPU.ActiveCfg = Debug|Any CPU
		{5601D607-5E3C-4956-AC25-E772F2C23643}.Debug|Any CPU.Build.0 = Debug|Any CPU
		{5601D607-5E3C-4956-AC25-E772F2C23643}.Release|Any CPU.ActiveCfg = Release|Any CPU
		{5601D607-5E3C-4956-AC25-E772F2C23643}.Release|Any CPU.Build.0 = Release|Any CPU
		{5601D607-5E3C-4956-AC25-E772F2C23643}.Test|Any CPU.ActiveCfg = Release|Any CPU
		{5601D607-5E3C-4956-AC25-E772F2C23643}.Test|Any CPU.Build.0 = Release|Any CPU
		{87BB3BEA-C26D-4CB9-85EC-035F44C9B8B2}.Debug|Any CPU.ActiveCfg = Debug|Any CPU
		{87BB3BEA-C26D-4CB9-85EC-035F44C9B8B2}.Debug|Any CPU.Build.0 = Debug|Any CPU
		{87BB3BEA-C26D-4CB9-85EC-035F44C9B8B2}.Release|Any CPU.ActiveCfg = Release|Any CPU
		{87BB3BEA-C26D-4CB9-85EC-035F44C9B8B2}.Release|Any CPU.Build.0 = Release|Any CPU
		{87BB3BEA-C26D-4CB9-85EC-035F44C9B8B2}.Test|Any CPU.ActiveCfg = Release|Any CPU
		{87BB3BEA-C26D-4CB9-85EC-035F44C9B8B2}.Test|Any CPU.Build.0 = Release|Any CPU
		{43CCE157-05C7-4951-A64C-FCB225DB065A}.Debug|Any CPU.ActiveCfg = Debug|Any CPU
		{43CCE157-05C7-4951-A64C-FCB225DB065A}.Debug|Any CPU.Build.0 = Debug|Any CPU
		{43CCE157-05C7-4951-A64C-FCB225DB065A}.Release|Any CPU.ActiveCfg = Release|Any CPU
		{43CCE157-05C7-4951-A64C-FCB225DB065A}.Release|Any CPU.Build.0 = Release|Any CPU
		{43CCE157-05C7-4951-A64C-FCB225DB065A}.Test|Any CPU.ActiveCfg = Release|Any CPU
		{43CCE157-05C7-4951-A64C-FCB225DB065A}.Test|Any CPU.Build.0 = Release|Any CPU
		{670A40BC-EC71-4996-80F4-0023E186A675}.Debug|Any CPU.ActiveCfg = Debug|Any CPU
		{670A40BC-EC71-4996-80F4-0023E186A675}.Debug|Any CPU.Build.0 = Debug|Any CPU
		{670A40BC-EC71-4996-80F4-0023E186A675}.Release|Any CPU.ActiveCfg = Release|Any CPU
		{670A40BC-EC71-4996-80F4-0023E186A675}.Release|Any CPU.Build.0 = Release|Any CPU
		{670A40BC-EC71-4996-80F4-0023E186A675}.Test|Any CPU.ActiveCfg = Release|Any CPU
		{670A40BC-EC71-4996-80F4-0023E186A675}.Test|Any CPU.Build.0 = Release|Any CPU
		{5E38B7C7-8D51-4026-87B5-0A0E2CFF5CE9}.Debug|Any CPU.ActiveCfg = Debug|Any CPU
		{5E38B7C7-8D51-4026-87B5-0A0E2CFF5CE9}.Debug|Any CPU.Build.0 = Debug|Any CPU
		{5E38B7C7-8D51-4026-87B5-0A0E2CFF5CE9}.Release|Any CPU.ActiveCfg = Release|Any CPU
		{5E38B7C7-8D51-4026-87B5-0A0E2CFF5CE9}.Release|Any CPU.Build.0 = Release|Any CPU
		{5E38B7C7-8D51-4026-87B5-0A0E2CFF5CE9}.Test|Any CPU.ActiveCfg = Release|Any CPU
		{5E38B7C7-8D51-4026-87B5-0A0E2CFF5CE9}.Test|Any CPU.Build.0 = Release|Any CPU
		{81493DC2-D3B5-4EC5-90DD-F6D995E8C279}.Debug|Any CPU.ActiveCfg = Debug|Any CPU
		{81493DC2-D3B5-4EC5-90DD-F6D995E8C279}.Debug|Any CPU.Build.0 = Debug|Any CPU
		{81493DC2-D3B5-4EC5-90DD-F6D995E8C279}.Release|Any CPU.ActiveCfg = Release|Any CPU
		{81493DC2-D3B5-4EC5-90DD-F6D995E8C279}.Release|Any CPU.Build.0 = Release|Any CPU
		{81493DC2-D3B5-4EC5-90DD-F6D995E8C279}.Test|Any CPU.ActiveCfg = Release|Any CPU
		{81493DC2-D3B5-4EC5-90DD-F6D995E8C279}.Test|Any CPU.Build.0 = Release|Any CPU
		{8985BFD6-FF97-424D-B023-231D3939DA48}.Debug|Any CPU.ActiveCfg = Debug|Any CPU
		{8985BFD6-FF97-424D-B023-231D3939DA48}.Debug|Any CPU.Build.0 = Debug|Any CPU
		{8985BFD6-FF97-424D-B023-231D3939DA48}.Release|Any CPU.ActiveCfg = Release|Any CPU
		{8985BFD6-FF97-424D-B023-231D3939DA48}.Release|Any CPU.Build.0 = Release|Any CPU
		{8985BFD6-FF97-424D-B023-231D3939DA48}.Test|Any CPU.ActiveCfg = Release|Any CPU
		{8985BFD6-FF97-424D-B023-231D3939DA48}.Test|Any CPU.Build.0 = Release|Any CPU
		{4F3B5812-E1D5-4598-88C3-5E3FF6100961}.Debug|Any CPU.ActiveCfg = Debug|Any CPU
		{4F3B5812-E1D5-4598-88C3-5E3FF6100961}.Debug|Any CPU.Build.0 = Debug|Any CPU
		{4F3B5812-E1D5-4598-88C3-5E3FF6100961}.Release|Any CPU.ActiveCfg = Release|Any CPU
		{4F3B5812-E1D5-4598-88C3-5E3FF6100961}.Release|Any CPU.Build.0 = Release|Any CPU
		{4F3B5812-E1D5-4598-88C3-5E3FF6100961}.Test|Any CPU.ActiveCfg = Release|Any CPU
		{4F3B5812-E1D5-4598-88C3-5E3FF6100961}.Test|Any CPU.Build.0 = Release|Any CPU
		{C5E9A943-2B73-4A7D-BF08-D25449EB6D0D}.Debug|Any CPU.ActiveCfg = Debug|Any CPU
		{C5E9A943-2B73-4A7D-BF08-D25449EB6D0D}.Debug|Any CPU.Build.0 = Debug|Any CPU
		{C5E9A943-2B73-4A7D-BF08-D25449EB6D0D}.Release|Any CPU.ActiveCfg = Release|Any CPU
		{C5E9A943-2B73-4A7D-BF08-D25449EB6D0D}.Release|Any CPU.Build.0 = Release|Any CPU
		{C5E9A943-2B73-4A7D-BF08-D25449EB6D0D}.Test|Any CPU.ActiveCfg = Release|Any CPU
		{C5E9A943-2B73-4A7D-BF08-D25449EB6D0D}.Test|Any CPU.Build.0 = Release|Any CPU
		{DEA3C769-6FC8-4B34-91C0-6F022F26E7D5}.Debug|Any CPU.ActiveCfg = Debug|Any CPU
		{DEA3C769-6FC8-4B34-91C0-6F022F26E7D5}.Debug|Any CPU.Build.0 = Debug|Any CPU
		{DEA3C769-6FC8-4B34-91C0-6F022F26E7D5}.Release|Any CPU.ActiveCfg = Release|Any CPU
		{DEA3C769-6FC8-4B34-91C0-6F022F26E7D5}.Release|Any CPU.Build.0 = Release|Any CPU
		{DEA3C769-6FC8-4B34-91C0-6F022F26E7D5}.Test|Any CPU.ActiveCfg = Release|Any CPU
		{DEA3C769-6FC8-4B34-91C0-6F022F26E7D5}.Test|Any CPU.Build.0 = Release|Any CPU
		{0373F969-30FE-4ED0-8741-F2D7454DC44C}.Debug|Any CPU.ActiveCfg = Debug|Any CPU
		{0373F969-30FE-4ED0-8741-F2D7454DC44C}.Debug|Any CPU.Build.0 = Debug|Any CPU
		{0373F969-30FE-4ED0-8741-F2D7454DC44C}.Release|Any CPU.ActiveCfg = Release|Any CPU
		{0373F969-30FE-4ED0-8741-F2D7454DC44C}.Release|Any CPU.Build.0 = Release|Any CPU
		{0373F969-30FE-4ED0-8741-F2D7454DC44C}.Test|Any CPU.ActiveCfg = Release|Any CPU
		{0373F969-30FE-4ED0-8741-F2D7454DC44C}.Test|Any CPU.Build.0 = Release|Any CPU
		{7A61C937-02A6-4324-90D0-533FF0D24B5F}.Debug|Any CPU.ActiveCfg = Debug|Any CPU
		{7A61C937-02A6-4324-90D0-533FF0D24B5F}.Debug|Any CPU.Build.0 = Debug|Any CPU
		{7A61C937-02A6-4324-90D0-533FF0D24B5F}.Release|Any CPU.ActiveCfg = Release|Any CPU
		{7A61C937-02A6-4324-90D0-533FF0D24B5F}.Release|Any CPU.Build.0 = Release|Any CPU
		{7A61C937-02A6-4324-90D0-533FF0D24B5F}.Test|Any CPU.ActiveCfg = Release|Any CPU
		{7A61C937-02A6-4324-90D0-533FF0D24B5F}.Test|Any CPU.Build.0 = Release|Any CPU
		{464C9257-9A1C-4DF6-8179-C48C9BCB4AA6}.Debug|Any CPU.ActiveCfg = Debug|Any CPU
		{464C9257-9A1C-4DF6-8179-C48C9BCB4AA6}.Debug|Any CPU.Build.0 = Debug|Any CPU
		{464C9257-9A1C-4DF6-8179-C48C9BCB4AA6}.Release|Any CPU.ActiveCfg = Release|Any CPU
		{464C9257-9A1C-4DF6-8179-C48C9BCB4AA6}.Release|Any CPU.Build.0 = Release|Any CPU
		{464C9257-9A1C-4DF6-8179-C48C9BCB4AA6}.Test|Any CPU.ActiveCfg = Release|Any CPU
		{464C9257-9A1C-4DF6-8179-C48C9BCB4AA6}.Test|Any CPU.Build.0 = Release|Any CPU
		{D24F31A6-725A-43FD-B3EF-C64C60D51E36}.Debug|Any CPU.ActiveCfg = Debug|Any CPU
		{D24F31A6-725A-43FD-B3EF-C64C60D51E36}.Debug|Any CPU.Build.0 = Debug|Any CPU
		{D24F31A6-725A-43FD-B3EF-C64C60D51E36}.Release|Any CPU.ActiveCfg = Release|Any CPU
		{D24F31A6-725A-43FD-B3EF-C64C60D51E36}.Release|Any CPU.Build.0 = Release|Any CPU
		{D24F31A6-725A-43FD-B3EF-C64C60D51E36}.Test|Any CPU.ActiveCfg = Release|Any CPU
		{D24F31A6-725A-43FD-B3EF-C64C60D51E36}.Test|Any CPU.Build.0 = Release|Any CPU
		{CABC2EAD-D451-4251-B4CE-4EC6B102FF1E}.Debug|Any CPU.ActiveCfg = Debug|Any CPU
		{CABC2EAD-D451-4251-B4CE-4EC6B102FF1E}.Debug|Any CPU.Build.0 = Debug|Any CPU
		{CABC2EAD-D451-4251-B4CE-4EC6B102FF1E}.Release|Any CPU.ActiveCfg = Release|Any CPU
		{CABC2EAD-D451-4251-B4CE-4EC6B102FF1E}.Release|Any CPU.Build.0 = Release|Any CPU
		{CABC2EAD-D451-4251-B4CE-4EC6B102FF1E}.Test|Any CPU.ActiveCfg = Release|Any CPU
		{CABC2EAD-D451-4251-B4CE-4EC6B102FF1E}.Test|Any CPU.Build.0 = Release|Any CPU
		{5BF2C3ED-7BC0-489A-8527-F936DCCA56FD}.Debug|Any CPU.ActiveCfg = Debug|Any CPU
		{5BF2C3ED-7BC0-489A-8527-F936DCCA56FD}.Debug|Any CPU.Build.0 = Debug|Any CPU
		{5BF2C3ED-7BC0-489A-8527-F936DCCA56FD}.Release|Any CPU.ActiveCfg = Release|Any CPU
		{5BF2C3ED-7BC0-489A-8527-F936DCCA56FD}.Release|Any CPU.Build.0 = Release|Any CPU
		{5BF2C3ED-7BC0-489A-8527-F936DCCA56FD}.Test|Any CPU.ActiveCfg = Release|Any CPU
		{5BF2C3ED-7BC0-489A-8527-F936DCCA56FD}.Test|Any CPU.Build.0 = Release|Any CPU
		{73B9587E-41A2-44DF-9461-8E08693EC94C}.Debug|Any CPU.ActiveCfg = Debug|Any CPU
		{73B9587E-41A2-44DF-9461-8E08693EC94C}.Debug|Any CPU.Build.0 = Debug|Any CPU
		{73B9587E-41A2-44DF-9461-8E08693EC94C}.Release|Any CPU.ActiveCfg = Release|Any CPU
		{73B9587E-41A2-44DF-9461-8E08693EC94C}.Release|Any CPU.Build.0 = Release|Any CPU
		{73B9587E-41A2-44DF-9461-8E08693EC94C}.Test|Any CPU.ActiveCfg = Release|Any CPU
		{73B9587E-41A2-44DF-9461-8E08693EC94C}.Test|Any CPU.Build.0 = Release|Any CPU
		{0E0AF83F-EB41-4B0B-8847-7C5F6F78F2CD}.Debug|Any CPU.ActiveCfg = Debug|Any CPU
		{0E0AF83F-EB41-4B0B-8847-7C5F6F78F2CD}.Debug|Any CPU.Build.0 = Debug|Any CPU
		{0E0AF83F-EB41-4B0B-8847-7C5F6F78F2CD}.Release|Any CPU.ActiveCfg = Release|Any CPU
		{0E0AF83F-EB41-4B0B-8847-7C5F6F78F2CD}.Release|Any CPU.Build.0 = Release|Any CPU
		{0E0AF83F-EB41-4B0B-8847-7C5F6F78F2CD}.Test|Any CPU.ActiveCfg = Release|Any CPU
		{0E0AF83F-EB41-4B0B-8847-7C5F6F78F2CD}.Test|Any CPU.Build.0 = Release|Any CPU
		{AC14F306-F8C8-4DEE-AF5A-E14EB6AE0F56}.Debug|Any CPU.ActiveCfg = Debug|Any CPU
		{AC14F306-F8C8-4DEE-AF5A-E14EB6AE0F56}.Debug|Any CPU.Build.0 = Debug|Any CPU
		{AC14F306-F8C8-4DEE-AF5A-E14EB6AE0F56}.Release|Any CPU.ActiveCfg = Release|Any CPU
		{AC14F306-F8C8-4DEE-AF5A-E14EB6AE0F56}.Release|Any CPU.Build.0 = Release|Any CPU
		{AC14F306-F8C8-4DEE-AF5A-E14EB6AE0F56}.Test|Any CPU.ActiveCfg = Release|Any CPU
		{AC14F306-F8C8-4DEE-AF5A-E14EB6AE0F56}.Test|Any CPU.Build.0 = Release|Any CPU
		{D872ED7B-B2E4-40A4-BA06-2F30DB071C92}.Debug|Any CPU.ActiveCfg = Debug|Any CPU
		{D872ED7B-B2E4-40A4-BA06-2F30DB071C92}.Debug|Any CPU.Build.0 = Debug|Any CPU
		{D872ED7B-B2E4-40A4-BA06-2F30DB071C92}.Release|Any CPU.ActiveCfg = Release|Any CPU
		{D872ED7B-B2E4-40A4-BA06-2F30DB071C92}.Release|Any CPU.Build.0 = Release|Any CPU
		{D872ED7B-B2E4-40A4-BA06-2F30DB071C92}.Test|Any CPU.ActiveCfg = Release|Any CPU
		{D872ED7B-B2E4-40A4-BA06-2F30DB071C92}.Test|Any CPU.Build.0 = Release|Any CPU
		{6E9EA639-E926-4AF2-85C8-9762C21883D0}.Debug|Any CPU.ActiveCfg = Debug|Any CPU
		{6E9EA639-E926-4AF2-85C8-9762C21883D0}.Debug|Any CPU.Build.0 = Debug|Any CPU
		{6E9EA639-E926-4AF2-85C8-9762C21883D0}.Release|Any CPU.ActiveCfg = Release|Any CPU
		{6E9EA639-E926-4AF2-85C8-9762C21883D0}.Release|Any CPU.Build.0 = Release|Any CPU
		{6E9EA639-E926-4AF2-85C8-9762C21883D0}.Test|Any CPU.ActiveCfg = Release|Any CPU
		{6E9EA639-E926-4AF2-85C8-9762C21883D0}.Test|Any CPU.Build.0 = Release|Any CPU
		{E5A65E0B-11E3-46B5-9BD2-1FC3E5B65EA1}.Debug|Any CPU.ActiveCfg = Debug|Any CPU
		{E5A65E0B-11E3-46B5-9BD2-1FC3E5B65EA1}.Debug|Any CPU.Build.0 = Debug|Any CPU
		{E5A65E0B-11E3-46B5-9BD2-1FC3E5B65EA1}.Release|Any CPU.ActiveCfg = Release|Any CPU
		{E5A65E0B-11E3-46B5-9BD2-1FC3E5B65EA1}.Release|Any CPU.Build.0 = Release|Any CPU
		{E5A65E0B-11E3-46B5-9BD2-1FC3E5B65EA1}.Test|Any CPU.ActiveCfg = Release|Any CPU
		{E5A65E0B-11E3-46B5-9BD2-1FC3E5B65EA1}.Test|Any CPU.Build.0 = Release|Any CPU
		{CA2D8048-7D7F-4DE8-8AF2-E2379F699407}.Debug|Any CPU.ActiveCfg = Debug|Any CPU
		{CA2D8048-7D7F-4DE8-8AF2-E2379F699407}.Debug|Any CPU.Build.0 = Debug|Any CPU
		{CA2D8048-7D7F-4DE8-8AF2-E2379F699407}.Release|Any CPU.ActiveCfg = Release|Any CPU
		{CA2D8048-7D7F-4DE8-8AF2-E2379F699407}.Release|Any CPU.Build.0 = Release|Any CPU
		{CA2D8048-7D7F-4DE8-8AF2-E2379F699407}.Test|Any CPU.ActiveCfg = Release|Any CPU
		{CA2D8048-7D7F-4DE8-8AF2-E2379F699407}.Test|Any CPU.Build.0 = Release|Any CPU
		{C25951A5-ABBB-4188-BE6E-3153E6BEF9E1}.Debug|Any CPU.ActiveCfg = Debug|Any CPU
		{C25951A5-ABBB-4188-BE6E-3153E6BEF9E1}.Debug|Any CPU.Build.0 = Debug|Any CPU
		{C25951A5-ABBB-4188-BE6E-3153E6BEF9E1}.Release|Any CPU.ActiveCfg = Release|Any CPU
		{C25951A5-ABBB-4188-BE6E-3153E6BEF9E1}.Release|Any CPU.Build.0 = Release|Any CPU
		{C25951A5-ABBB-4188-BE6E-3153E6BEF9E1}.Test|Any CPU.ActiveCfg = Release|Any CPU
		{C25951A5-ABBB-4188-BE6E-3153E6BEF9E1}.Test|Any CPU.Build.0 = Release|Any CPU
		{47CE5CB7-05F6-4323-AF2A-0697A839F0F7}.Debug|Any CPU.ActiveCfg = Debug|Any CPU
		{47CE5CB7-05F6-4323-AF2A-0697A839F0F7}.Debug|Any CPU.Build.0 = Debug|Any CPU
		{47CE5CB7-05F6-4323-AF2A-0697A839F0F7}.Release|Any CPU.ActiveCfg = Release|Any CPU
		{47CE5CB7-05F6-4323-AF2A-0697A839F0F7}.Release|Any CPU.Build.0 = Release|Any CPU
		{47CE5CB7-05F6-4323-AF2A-0697A839F0F7}.Test|Any CPU.ActiveCfg = Release|Any CPU
		{47CE5CB7-05F6-4323-AF2A-0697A839F0F7}.Test|Any CPU.Build.0 = Release|Any CPU
		{66DD5A08-9AAE-44B6-9B56-2D061D6B627E}.Debug|Any CPU.ActiveCfg = Debug|Any CPU
		{66DD5A08-9AAE-44B6-9B56-2D061D6B627E}.Debug|Any CPU.Build.0 = Debug|Any CPU
		{66DD5A08-9AAE-44B6-9B56-2D061D6B627E}.Release|Any CPU.ActiveCfg = Release|Any CPU
		{66DD5A08-9AAE-44B6-9B56-2D061D6B627E}.Release|Any CPU.Build.0 = Release|Any CPU
		{66DD5A08-9AAE-44B6-9B56-2D061D6B627E}.Test|Any CPU.ActiveCfg = Release|Any CPU
		{66DD5A08-9AAE-44B6-9B56-2D061D6B627E}.Test|Any CPU.Build.0 = Release|Any CPU
		{36EA523C-C7B9-48F9-AE4E-8E093B13F6A1}.Debug|Any CPU.ActiveCfg = Debug|Any CPU
		{36EA523C-C7B9-48F9-AE4E-8E093B13F6A1}.Debug|Any CPU.Build.0 = Debug|Any CPU
		{36EA523C-C7B9-48F9-AE4E-8E093B13F6A1}.Release|Any CPU.ActiveCfg = Release|Any CPU
		{36EA523C-C7B9-48F9-AE4E-8E093B13F6A1}.Release|Any CPU.Build.0 = Release|Any CPU
		{36EA523C-C7B9-48F9-AE4E-8E093B13F6A1}.Test|Any CPU.ActiveCfg = Release|Any CPU
		{36EA523C-C7B9-48F9-AE4E-8E093B13F6A1}.Test|Any CPU.Build.0 = Release|Any CPU
		{E2C67F15-E71F-4228-9D3A-9364C58ECCE9}.Debug|Any CPU.ActiveCfg = Debug|Any CPU
		{E2C67F15-E71F-4228-9D3A-9364C58ECCE9}.Debug|Any CPU.Build.0 = Debug|Any CPU
		{E2C67F15-E71F-4228-9D3A-9364C58ECCE9}.Release|Any CPU.ActiveCfg = Release|Any CPU
		{E2C67F15-E71F-4228-9D3A-9364C58ECCE9}.Release|Any CPU.Build.0 = Release|Any CPU
		{E2C67F15-E71F-4228-9D3A-9364C58ECCE9}.Test|Any CPU.ActiveCfg = Release|Any CPU
		{E2C67F15-E71F-4228-9D3A-9364C58ECCE9}.Test|Any CPU.Build.0 = Release|Any CPU
		{E37FD9C1-D80E-4CB2-B274-9814A738292D}.Debug|Any CPU.ActiveCfg = Debug|Any CPU
		{E37FD9C1-D80E-4CB2-B274-9814A738292D}.Debug|Any CPU.Build.0 = Debug|Any CPU
		{E37FD9C1-D80E-4CB2-B274-9814A738292D}.Release|Any CPU.ActiveCfg = Release|Any CPU
		{E37FD9C1-D80E-4CB2-B274-9814A738292D}.Release|Any CPU.Build.0 = Release|Any CPU
		{E37FD9C1-D80E-4CB2-B274-9814A738292D}.Test|Any CPU.ActiveCfg = Release|Any CPU
		{E37FD9C1-D80E-4CB2-B274-9814A738292D}.Test|Any CPU.Build.0 = Release|Any CPU
		{9AD14DE0-F20F-48E0-A3FB-009B6AA0C6C6}.Debug|Any CPU.ActiveCfg = Debug|Any CPU
		{9AD14DE0-F20F-48E0-A3FB-009B6AA0C6C6}.Debug|Any CPU.Build.0 = Debug|Any CPU
		{9AD14DE0-F20F-48E0-A3FB-009B6AA0C6C6}.Release|Any CPU.ActiveCfg = Release|Any CPU
		{9AD14DE0-F20F-48E0-A3FB-009B6AA0C6C6}.Release|Any CPU.Build.0 = Release|Any CPU
		{9AD14DE0-F20F-48E0-A3FB-009B6AA0C6C6}.Test|Any CPU.ActiveCfg = Release|Any CPU
		{9AD14DE0-F20F-48E0-A3FB-009B6AA0C6C6}.Test|Any CPU.Build.0 = Release|Any CPU
		{708C3AAF-B385-4E3E-84E3-82A2873E87F5}.Debug|Any CPU.ActiveCfg = Debug|Any CPU
		{708C3AAF-B385-4E3E-84E3-82A2873E87F5}.Debug|Any CPU.Build.0 = Debug|Any CPU
		{708C3AAF-B385-4E3E-84E3-82A2873E87F5}.Release|Any CPU.ActiveCfg = Release|Any CPU
		{708C3AAF-B385-4E3E-84E3-82A2873E87F5}.Release|Any CPU.Build.0 = Release|Any CPU
		{708C3AAF-B385-4E3E-84E3-82A2873E87F5}.Test|Any CPU.ActiveCfg = Release|Any CPU
		{708C3AAF-B385-4E3E-84E3-82A2873E87F5}.Test|Any CPU.Build.0 = Release|Any CPU
		{CECA5A76-81A9-4A08-8715-20CCB7F43190}.Debug|Any CPU.ActiveCfg = Debug|Any CPU
		{CECA5A76-81A9-4A08-8715-20CCB7F43190}.Debug|Any CPU.Build.0 = Debug|Any CPU
		{CECA5A76-81A9-4A08-8715-20CCB7F43190}.Release|Any CPU.ActiveCfg = Release|Any CPU
		{CECA5A76-81A9-4A08-8715-20CCB7F43190}.Release|Any CPU.Build.0 = Release|Any CPU
		{CECA5A76-81A9-4A08-8715-20CCB7F43190}.Test|Any CPU.ActiveCfg = Release|Any CPU
		{CECA5A76-81A9-4A08-8715-20CCB7F43190}.Test|Any CPU.Build.0 = Release|Any CPU
		{A0EBE2CC-36BB-4F80-98C1-737B37D505B7}.Debug|Any CPU.ActiveCfg = Debug|Any CPU
		{A0EBE2CC-36BB-4F80-98C1-737B37D505B7}.Debug|Any CPU.Build.0 = Debug|Any CPU
		{A0EBE2CC-36BB-4F80-98C1-737B37D505B7}.Release|Any CPU.ActiveCfg = Release|Any CPU
		{A0EBE2CC-36BB-4F80-98C1-737B37D505B7}.Release|Any CPU.Build.0 = Release|Any CPU
		{A0EBE2CC-36BB-4F80-98C1-737B37D505B7}.Test|Any CPU.ActiveCfg = Release|Any CPU
		{A0EBE2CC-36BB-4F80-98C1-737B37D505B7}.Test|Any CPU.Build.0 = Release|Any CPU
		{E100FBC9-DF88-49CB-9FD4-A1724C95D0DA}.Debug|Any CPU.ActiveCfg = Debug|Any CPU
		{E100FBC9-DF88-49CB-9FD4-A1724C95D0DA}.Debug|Any CPU.Build.0 = Debug|Any CPU
		{E100FBC9-DF88-49CB-9FD4-A1724C95D0DA}.Release|Any CPU.ActiveCfg = Release|Any CPU
		{E100FBC9-DF88-49CB-9FD4-A1724C95D0DA}.Release|Any CPU.Build.0 = Release|Any CPU
		{E100FBC9-DF88-49CB-9FD4-A1724C95D0DA}.Test|Any CPU.ActiveCfg = Release|Any CPU
		{E100FBC9-DF88-49CB-9FD4-A1724C95D0DA}.Test|Any CPU.Build.0 = Release|Any CPU
		{DB2C5CF5-E7D2-4453-9165-76E06EB79C0F}.Debug|Any CPU.ActiveCfg = Debug|Any CPU
		{DB2C5CF5-E7D2-4453-9165-76E06EB79C0F}.Debug|Any CPU.Build.0 = Debug|Any CPU
		{DB2C5CF5-E7D2-4453-9165-76E06EB79C0F}.Release|Any CPU.ActiveCfg = Release|Any CPU
		{DB2C5CF5-E7D2-4453-9165-76E06EB79C0F}.Release|Any CPU.Build.0 = Release|Any CPU
		{DB2C5CF5-E7D2-4453-9165-76E06EB79C0F}.Test|Any CPU.ActiveCfg = Release|Any CPU
		{DB2C5CF5-E7D2-4453-9165-76E06EB79C0F}.Test|Any CPU.Build.0 = Release|Any CPU
		{1E071D9C-E1B8-4783-8EF9-36AE259B59A3}.Debug|Any CPU.ActiveCfg = Debug|Any CPU
		{1E071D9C-E1B8-4783-8EF9-36AE259B59A3}.Debug|Any CPU.Build.0 = Debug|Any CPU
		{1E071D9C-E1B8-4783-8EF9-36AE259B59A3}.Release|Any CPU.ActiveCfg = Release|Any CPU
		{1E071D9C-E1B8-4783-8EF9-36AE259B59A3}.Release|Any CPU.Build.0 = Release|Any CPU
		{1E071D9C-E1B8-4783-8EF9-36AE259B59A3}.Test|Any CPU.ActiveCfg = Release|Any CPU
		{1E071D9C-E1B8-4783-8EF9-36AE259B59A3}.Test|Any CPU.Build.0 = Release|Any CPU
		{BF154D7B-B5E4-4385-9941-38D5C6E261A2}.Debug|Any CPU.ActiveCfg = Debug|Any CPU
		{BF154D7B-B5E4-4385-9941-38D5C6E261A2}.Debug|Any CPU.Build.0 = Debug|Any CPU
		{BF154D7B-B5E4-4385-9941-38D5C6E261A2}.Release|Any CPU.ActiveCfg = Release|Any CPU
		{BF154D7B-B5E4-4385-9941-38D5C6E261A2}.Release|Any CPU.Build.0 = Release|Any CPU
		{BF154D7B-B5E4-4385-9941-38D5C6E261A2}.Test|Any CPU.ActiveCfg = Release|Any CPU
		{BF154D7B-B5E4-4385-9941-38D5C6E261A2}.Test|Any CPU.Build.0 = Release|Any CPU
		{2C337CB6-B7AE-4E6F-86CB-FDFEF7DFAA3A}.Debug|Any CPU.ActiveCfg = Debug|Any CPU
		{2C337CB6-B7AE-4E6F-86CB-FDFEF7DFAA3A}.Debug|Any CPU.Build.0 = Debug|Any CPU
		{2C337CB6-B7AE-4E6F-86CB-FDFEF7DFAA3A}.Release|Any CPU.ActiveCfg = Release|Any CPU
		{2C337CB6-B7AE-4E6F-86CB-FDFEF7DFAA3A}.Release|Any CPU.Build.0 = Release|Any CPU
		{2C337CB6-B7AE-4E6F-86CB-FDFEF7DFAA3A}.Test|Any CPU.ActiveCfg = Release|Any CPU
		{2C337CB6-B7AE-4E6F-86CB-FDFEF7DFAA3A}.Test|Any CPU.Build.0 = Release|Any CPU
		{AF3AE84B-EBD3-410E-AB17-24D945ED8F5D}.Debug|Any CPU.ActiveCfg = Debug|Any CPU
		{AF3AE84B-EBD3-410E-AB17-24D945ED8F5D}.Debug|Any CPU.Build.0 = Debug|Any CPU
		{AF3AE84B-EBD3-410E-AB17-24D945ED8F5D}.Release|Any CPU.ActiveCfg = Release|Any CPU
		{AF3AE84B-EBD3-410E-AB17-24D945ED8F5D}.Release|Any CPU.Build.0 = Release|Any CPU
		{AF3AE84B-EBD3-410E-AB17-24D945ED8F5D}.Test|Any CPU.ActiveCfg = Release|Any CPU
		{AF3AE84B-EBD3-410E-AB17-24D945ED8F5D}.Test|Any CPU.Build.0 = Release|Any CPU
		{1550BE23-C9A2-446C-BFFA-F08B35E29870}.Debug|Any CPU.ActiveCfg = Debug|Any CPU
		{1550BE23-C9A2-446C-BFFA-F08B35E29870}.Debug|Any CPU.Build.0 = Debug|Any CPU
		{1550BE23-C9A2-446C-BFFA-F08B35E29870}.Release|Any CPU.ActiveCfg = Release|Any CPU
		{1550BE23-C9A2-446C-BFFA-F08B35E29870}.Release|Any CPU.Build.0 = Release|Any CPU
		{1550BE23-C9A2-446C-BFFA-F08B35E29870}.Test|Any CPU.ActiveCfg = Release|Any CPU
		{1550BE23-C9A2-446C-BFFA-F08B35E29870}.Test|Any CPU.Build.0 = Release|Any CPU
		{2B29B111-B66E-4F05-AAB7-A5AF30382DED}.Debug|Any CPU.ActiveCfg = Debug|Any CPU
		{2B29B111-B66E-4F05-AAB7-A5AF30382DED}.Debug|Any CPU.Build.0 = Debug|Any CPU
		{2B29B111-B66E-4F05-AAB7-A5AF30382DED}.Release|Any CPU.ActiveCfg = Release|Any CPU
		{2B29B111-B66E-4F05-AAB7-A5AF30382DED}.Release|Any CPU.Build.0 = Release|Any CPU
		{2B29B111-B66E-4F05-AAB7-A5AF30382DED}.Test|Any CPU.ActiveCfg = Release|Any CPU
		{2B29B111-B66E-4F05-AAB7-A5AF30382DED}.Test|Any CPU.Build.0 = Release|Any CPU
		{E5EB9BCC-E135-48C0-A0AE-1BE3C0609232}.Debug|Any CPU.ActiveCfg = Debug|Any CPU
		{E5EB9BCC-E135-48C0-A0AE-1BE3C0609232}.Debug|Any CPU.Build.0 = Debug|Any CPU
		{E5EB9BCC-E135-48C0-A0AE-1BE3C0609232}.Release|Any CPU.ActiveCfg = Release|Any CPU
		{E5EB9BCC-E135-48C0-A0AE-1BE3C0609232}.Release|Any CPU.Build.0 = Release|Any CPU
		{E5EB9BCC-E135-48C0-A0AE-1BE3C0609232}.Test|Any CPU.ActiveCfg = Release|Any CPU
		{E5EB9BCC-E135-48C0-A0AE-1BE3C0609232}.Test|Any CPU.Build.0 = Release|Any CPU
		{E78660D8-7A4C-401A-BCAD-BF541596CD7A}.Debug|Any CPU.ActiveCfg = Debug|Any CPU
		{E78660D8-7A4C-401A-BCAD-BF541596CD7A}.Debug|Any CPU.Build.0 = Debug|Any CPU
		{E78660D8-7A4C-401A-BCAD-BF541596CD7A}.Release|Any CPU.ActiveCfg = Release|Any CPU
		{E78660D8-7A4C-401A-BCAD-BF541596CD7A}.Release|Any CPU.Build.0 = Release|Any CPU
		{E78660D8-7A4C-401A-BCAD-BF541596CD7A}.Test|Any CPU.ActiveCfg = Release|Any CPU
		{E78660D8-7A4C-401A-BCAD-BF541596CD7A}.Test|Any CPU.Build.0 = Release|Any CPU
		{CDAEAAAA-C2E6-4CD8-9450-DAAF5976C31D}.Debug|Any CPU.ActiveCfg = Debug|Any CPU
		{CDAEAAAA-C2E6-4CD8-9450-DAAF5976C31D}.Debug|Any CPU.Build.0 = Debug|Any CPU
		{CDAEAAAA-C2E6-4CD8-9450-DAAF5976C31D}.Release|Any CPU.ActiveCfg = Release|Any CPU
		{CDAEAAAA-C2E6-4CD8-9450-DAAF5976C31D}.Release|Any CPU.Build.0 = Release|Any CPU
		{CDAEAAAA-C2E6-4CD8-9450-DAAF5976C31D}.Test|Any CPU.ActiveCfg = Release|Any CPU
		{CDAEAAAA-C2E6-4CD8-9450-DAAF5976C31D}.Test|Any CPU.Build.0 = Release|Any CPU
		{3F97A186-F25C-47A5-A7D8-5255594DD96D}.Debug|Any CPU.ActiveCfg = Debug|Any CPU
		{3F97A186-F25C-47A5-A7D8-5255594DD96D}.Debug|Any CPU.Build.0 = Debug|Any CPU
		{3F97A186-F25C-47A5-A7D8-5255594DD96D}.Release|Any CPU.ActiveCfg = Release|Any CPU
		{3F97A186-F25C-47A5-A7D8-5255594DD96D}.Release|Any CPU.Build.0 = Release|Any CPU
		{3F97A186-F25C-47A5-A7D8-5255594DD96D}.Test|Any CPU.ActiveCfg = Release|Any CPU
		{3F97A186-F25C-47A5-A7D8-5255594DD96D}.Test|Any CPU.Build.0 = Release|Any CPU
		{17820188-14D4-43E9-8BBA-643EB7E0B2A4}.Debug|Any CPU.ActiveCfg = Debug|Any CPU
		{17820188-14D4-43E9-8BBA-643EB7E0B2A4}.Debug|Any CPU.Build.0 = Debug|Any CPU
		{17820188-14D4-43E9-8BBA-643EB7E0B2A4}.Release|Any CPU.ActiveCfg = Release|Any CPU
		{17820188-14D4-43E9-8BBA-643EB7E0B2A4}.Release|Any CPU.Build.0 = Release|Any CPU
		{17820188-14D4-43E9-8BBA-643EB7E0B2A4}.Test|Any CPU.ActiveCfg = Release|Any CPU
		{17820188-14D4-43E9-8BBA-643EB7E0B2A4}.Test|Any CPU.Build.0 = Release|Any CPU
		{2DD40B35-C6E7-4BCF-A7F7-F7703DD144B1}.Debug|Any CPU.ActiveCfg = Debug|Any CPU
		{2DD40B35-C6E7-4BCF-A7F7-F7703DD144B1}.Debug|Any CPU.Build.0 = Debug|Any CPU
		{2DD40B35-C6E7-4BCF-A7F7-F7703DD144B1}.Release|Any CPU.ActiveCfg = Release|Any CPU
		{2DD40B35-C6E7-4BCF-A7F7-F7703DD144B1}.Release|Any CPU.Build.0 = Release|Any CPU
		{2DD40B35-C6E7-4BCF-A7F7-F7703DD144B1}.Test|Any CPU.ActiveCfg = Release|Any CPU
		{2DD40B35-C6E7-4BCF-A7F7-F7703DD144B1}.Test|Any CPU.Build.0 = Release|Any CPU
		{1E15ADFD-3114-42D4-9DDD-50B7BC3AB7E4}.Debug|Any CPU.ActiveCfg = Debug|Any CPU
		{1E15ADFD-3114-42D4-9DDD-50B7BC3AB7E4}.Debug|Any CPU.Build.0 = Debug|Any CPU
		{1E15ADFD-3114-42D4-9DDD-50B7BC3AB7E4}.Release|Any CPU.ActiveCfg = Release|Any CPU
		{1E15ADFD-3114-42D4-9DDD-50B7BC3AB7E4}.Release|Any CPU.Build.0 = Release|Any CPU
		{1E15ADFD-3114-42D4-9DDD-50B7BC3AB7E4}.Test|Any CPU.ActiveCfg = Release|Any CPU
		{1E15ADFD-3114-42D4-9DDD-50B7BC3AB7E4}.Test|Any CPU.Build.0 = Release|Any CPU
		{AA7563E9-6828-437C-9838-8A7E9D2E9B1F}.Debug|Any CPU.ActiveCfg = Debug|Any CPU
		{AA7563E9-6828-437C-9838-8A7E9D2E9B1F}.Debug|Any CPU.Build.0 = Debug|Any CPU
		{AA7563E9-6828-437C-9838-8A7E9D2E9B1F}.Release|Any CPU.ActiveCfg = Release|Any CPU
		{AA7563E9-6828-437C-9838-8A7E9D2E9B1F}.Release|Any CPU.Build.0 = Release|Any CPU
		{AA7563E9-6828-437C-9838-8A7E9D2E9B1F}.Test|Any CPU.ActiveCfg = Release|Any CPU
		{AA7563E9-6828-437C-9838-8A7E9D2E9B1F}.Test|Any CPU.Build.0 = Release|Any CPU
		{4B67AD24-5A50-4633-923D-ED2372E0DF03}.Debug|Any CPU.ActiveCfg = Debug|Any CPU
		{4B67AD24-5A50-4633-923D-ED2372E0DF03}.Debug|Any CPU.Build.0 = Debug|Any CPU
		{4B67AD24-5A50-4633-923D-ED2372E0DF03}.Release|Any CPU.ActiveCfg = Release|Any CPU
		{4B67AD24-5A50-4633-923D-ED2372E0DF03}.Release|Any CPU.Build.0 = Release|Any CPU
		{4B67AD24-5A50-4633-923D-ED2372E0DF03}.Test|Any CPU.ActiveCfg = Release|Any CPU
		{4B67AD24-5A50-4633-923D-ED2372E0DF03}.Test|Any CPU.Build.0 = Release|Any CPU
		{361FACFA-E33D-4FFA-AC12-7C7CADCDE6F9}.Debug|Any CPU.ActiveCfg = Debug|Any CPU
		{361FACFA-E33D-4FFA-AC12-7C7CADCDE6F9}.Debug|Any CPU.Build.0 = Debug|Any CPU
		{361FACFA-E33D-4FFA-AC12-7C7CADCDE6F9}.Release|Any CPU.ActiveCfg = Release|Any CPU
		{361FACFA-E33D-4FFA-AC12-7C7CADCDE6F9}.Release|Any CPU.Build.0 = Release|Any CPU
		{361FACFA-E33D-4FFA-AC12-7C7CADCDE6F9}.Test|Any CPU.ActiveCfg = Release|Any CPU
		{361FACFA-E33D-4FFA-AC12-7C7CADCDE6F9}.Test|Any CPU.Build.0 = Release|Any CPU
		{91CA4CDC-C2BE-41E0-9FE9-B90310BB57C8}.Debug|Any CPU.ActiveCfg = Debug|Any CPU
		{91CA4CDC-C2BE-41E0-9FE9-B90310BB57C8}.Debug|Any CPU.Build.0 = Debug|Any CPU
		{91CA4CDC-C2BE-41E0-9FE9-B90310BB57C8}.Release|Any CPU.ActiveCfg = Release|Any CPU
		{91CA4CDC-C2BE-41E0-9FE9-B90310BB57C8}.Release|Any CPU.Build.0 = Release|Any CPU
		{91CA4CDC-C2BE-41E0-9FE9-B90310BB57C8}.Test|Any CPU.ActiveCfg = Release|Any CPU
		{91CA4CDC-C2BE-41E0-9FE9-B90310BB57C8}.Test|Any CPU.Build.0 = Release|Any CPU
		{113D0CC6-0229-4650-A407-D26F01BAAAB3}.Debug|Any CPU.ActiveCfg = Debug|Any CPU
		{113D0CC6-0229-4650-A407-D26F01BAAAB3}.Debug|Any CPU.Build.0 = Debug|Any CPU
		{113D0CC6-0229-4650-A407-D26F01BAAAB3}.Release|Any CPU.ActiveCfg = Release|Any CPU
		{113D0CC6-0229-4650-A407-D26F01BAAAB3}.Release|Any CPU.Build.0 = Release|Any CPU
		{113D0CC6-0229-4650-A407-D26F01BAAAB3}.Test|Any CPU.ActiveCfg = Release|Any CPU
		{113D0CC6-0229-4650-A407-D26F01BAAAB3}.Test|Any CPU.Build.0 = Release|Any CPU
		{5F16FC92-A72B-4643-8569-AC5FBF4F4209}.Debug|Any CPU.ActiveCfg = Debug|Any CPU
		{5F16FC92-A72B-4643-8569-AC5FBF4F4209}.Debug|Any CPU.Build.0 = Debug|Any CPU
		{5F16FC92-A72B-4643-8569-AC5FBF4F4209}.Release|Any CPU.ActiveCfg = Release|Any CPU
		{5F16FC92-A72B-4643-8569-AC5FBF4F4209}.Release|Any CPU.Build.0 = Release|Any CPU
		{5F16FC92-A72B-4643-8569-AC5FBF4F4209}.Test|Any CPU.ActiveCfg = Release|Any CPU
		{5F16FC92-A72B-4643-8569-AC5FBF4F4209}.Test|Any CPU.Build.0 = Release|Any CPU
		{5660E4D3-5D65-4DFC-ABAC-F6BE95A1D108}.Debug|Any CPU.ActiveCfg = Debug|Any CPU
		{5660E4D3-5D65-4DFC-ABAC-F6BE95A1D108}.Debug|Any CPU.Build.0 = Debug|Any CPU
		{5660E4D3-5D65-4DFC-ABAC-F6BE95A1D108}.Release|Any CPU.ActiveCfg = Release|Any CPU
		{5660E4D3-5D65-4DFC-ABAC-F6BE95A1D108}.Release|Any CPU.Build.0 = Release|Any CPU
		{5660E4D3-5D65-4DFC-ABAC-F6BE95A1D108}.Test|Any CPU.ActiveCfg = Release|Any CPU
		{5660E4D3-5D65-4DFC-ABAC-F6BE95A1D108}.Test|Any CPU.Build.0 = Release|Any CPU
		{47D45D82-7669-40C7-9B64-C34A14CC7748}.Debug|Any CPU.ActiveCfg = Debug|Any CPU
		{47D45D82-7669-40C7-9B64-C34A14CC7748}.Debug|Any CPU.Build.0 = Debug|Any CPU
		{47D45D82-7669-40C7-9B64-C34A14CC7748}.Release|Any CPU.ActiveCfg = Release|Any CPU
		{47D45D82-7669-40C7-9B64-C34A14CC7748}.Release|Any CPU.Build.0 = Release|Any CPU
		{47D45D82-7669-40C7-9B64-C34A14CC7748}.Test|Any CPU.ActiveCfg = Release|Any CPU
		{47D45D82-7669-40C7-9B64-C34A14CC7748}.Test|Any CPU.Build.0 = Release|Any CPU
		{CF92FF4E-F822-4ABD-8965-2AEE891FC4AD}.Debug|Any CPU.ActiveCfg = Debug|Any CPU
		{CF92FF4E-F822-4ABD-8965-2AEE891FC4AD}.Debug|Any CPU.Build.0 = Debug|Any CPU
		{CF92FF4E-F822-4ABD-8965-2AEE891FC4AD}.Release|Any CPU.ActiveCfg = Release|Any CPU
		{CF92FF4E-F822-4ABD-8965-2AEE891FC4AD}.Release|Any CPU.Build.0 = Release|Any CPU
		{CF92FF4E-F822-4ABD-8965-2AEE891FC4AD}.Test|Any CPU.ActiveCfg = Release|Any CPU
		{CF92FF4E-F822-4ABD-8965-2AEE891FC4AD}.Test|Any CPU.Build.0 = Release|Any CPU
		{B860A11F-6A3C-4210-AFAB-D113551B05CF}.Debug|Any CPU.ActiveCfg = Debug|Any CPU
		{B860A11F-6A3C-4210-AFAB-D113551B05CF}.Debug|Any CPU.Build.0 = Debug|Any CPU
		{B860A11F-6A3C-4210-AFAB-D113551B05CF}.Release|Any CPU.ActiveCfg = Release|Any CPU
		{B860A11F-6A3C-4210-AFAB-D113551B05CF}.Release|Any CPU.Build.0 = Release|Any CPU
		{B860A11F-6A3C-4210-AFAB-D113551B05CF}.Test|Any CPU.ActiveCfg = Release|Any CPU
		{B860A11F-6A3C-4210-AFAB-D113551B05CF}.Test|Any CPU.Build.0 = Release|Any CPU
		{A3AA10FF-9657-4316-8B80-25E60EC5D00D}.Debug|Any CPU.ActiveCfg = Debug|Any CPU
		{A3AA10FF-9657-4316-8B80-25E60EC5D00D}.Debug|Any CPU.Build.0 = Debug|Any CPU
		{A3AA10FF-9657-4316-8B80-25E60EC5D00D}.Release|Any CPU.ActiveCfg = Release|Any CPU
		{A3AA10FF-9657-4316-8B80-25E60EC5D00D}.Release|Any CPU.Build.0 = Release|Any CPU
		{A3AA10FF-9657-4316-8B80-25E60EC5D00D}.Test|Any CPU.ActiveCfg = Release|Any CPU
		{A3AA10FF-9657-4316-8B80-25E60EC5D00D}.Test|Any CPU.Build.0 = Release|Any CPU
		{B2ABD3D3-075E-4930-9907-A0C5A253DD7C}.Debug|Any CPU.ActiveCfg = Debug|Any CPU
		{B2ABD3D3-075E-4930-9907-A0C5A253DD7C}.Debug|Any CPU.Build.0 = Debug|Any CPU
		{B2ABD3D3-075E-4930-9907-A0C5A253DD7C}.Release|Any CPU.ActiveCfg = Release|Any CPU
		{B2ABD3D3-075E-4930-9907-A0C5A253DD7C}.Release|Any CPU.Build.0 = Release|Any CPU
		{B2ABD3D3-075E-4930-9907-A0C5A253DD7C}.Test|Any CPU.ActiveCfg = Release|Any CPU
		{B2ABD3D3-075E-4930-9907-A0C5A253DD7C}.Test|Any CPU.Build.0 = Release|Any CPU
		{F31548B6-9FE6-4F0D-AC76-25E5D0BC9ED2}.Debug|Any CPU.ActiveCfg = Debug|Any CPU
		{F31548B6-9FE6-4F0D-AC76-25E5D0BC9ED2}.Debug|Any CPU.Build.0 = Debug|Any CPU
		{F31548B6-9FE6-4F0D-AC76-25E5D0BC9ED2}.Release|Any CPU.ActiveCfg = Release|Any CPU
		{F31548B6-9FE6-4F0D-AC76-25E5D0BC9ED2}.Release|Any CPU.Build.0 = Release|Any CPU
		{F31548B6-9FE6-4F0D-AC76-25E5D0BC9ED2}.Test|Any CPU.ActiveCfg = Release|Any CPU
		{F31548B6-9FE6-4F0D-AC76-25E5D0BC9ED2}.Test|Any CPU.Build.0 = Release|Any CPU
		{D1FD28BC-8980-4004-A226-E4EF56EF92E3}.Debug|Any CPU.ActiveCfg = Debug|Any CPU
		{D1FD28BC-8980-4004-A226-E4EF56EF92E3}.Debug|Any CPU.Build.0 = Debug|Any CPU
		{D1FD28BC-8980-4004-A226-E4EF56EF92E3}.Release|Any CPU.ActiveCfg = Release|Any CPU
		{D1FD28BC-8980-4004-A226-E4EF56EF92E3}.Release|Any CPU.Build.0 = Release|Any CPU
		{D1FD28BC-8980-4004-A226-E4EF56EF92E3}.Test|Any CPU.ActiveCfg = Release|Any CPU
		{D1FD28BC-8980-4004-A226-E4EF56EF92E3}.Test|Any CPU.Build.0 = Release|Any CPU
		{04E51862-FE47-4513-903C-D3416C8A5C48}.Debug|Any CPU.ActiveCfg = Debug|Any CPU
		{04E51862-FE47-4513-903C-D3416C8A5C48}.Debug|Any CPU.Build.0 = Debug|Any CPU
		{04E51862-FE47-4513-903C-D3416C8A5C48}.Release|Any CPU.ActiveCfg = Release|Any CPU
		{04E51862-FE47-4513-903C-D3416C8A5C48}.Release|Any CPU.Build.0 = Release|Any CPU
		{04E51862-FE47-4513-903C-D3416C8A5C48}.Test|Any CPU.ActiveCfg = Release|Any CPU
		{04E51862-FE47-4513-903C-D3416C8A5C48}.Test|Any CPU.Build.0 = Release|Any CPU
		{A4839632-0EDA-466C-9AF0-574BACA148CB}.Debug|Any CPU.ActiveCfg = Debug|Any CPU
		{A4839632-0EDA-466C-9AF0-574BACA148CB}.Debug|Any CPU.Build.0 = Debug|Any CPU
		{A4839632-0EDA-466C-9AF0-574BACA148CB}.Release|Any CPU.ActiveCfg = Release|Any CPU
		{A4839632-0EDA-466C-9AF0-574BACA148CB}.Release|Any CPU.Build.0 = Release|Any CPU
		{A4839632-0EDA-466C-9AF0-574BACA148CB}.Test|Any CPU.ActiveCfg = Release|Any CPU
		{A4839632-0EDA-466C-9AF0-574BACA148CB}.Test|Any CPU.Build.0 = Release|Any CPU
		{3971CC7A-143C-4D17-B825-A513007C3EEA}.Debug|Any CPU.ActiveCfg = Debug|Any CPU
		{3971CC7A-143C-4D17-B825-A513007C3EEA}.Debug|Any CPU.Build.0 = Debug|Any CPU
		{3971CC7A-143C-4D17-B825-A513007C3EEA}.Release|Any CPU.ActiveCfg = Release|Any CPU
		{3971CC7A-143C-4D17-B825-A513007C3EEA}.Release|Any CPU.Build.0 = Release|Any CPU
		{3971CC7A-143C-4D17-B825-A513007C3EEA}.Test|Any CPU.ActiveCfg = Release|Any CPU
		{3971CC7A-143C-4D17-B825-A513007C3EEA}.Test|Any CPU.Build.0 = Release|Any CPU
		{D82A292F-0727-4EC8-A6D9-CF4A515F8F6C}.Debug|Any CPU.ActiveCfg = Debug|Any CPU
		{D82A292F-0727-4EC8-A6D9-CF4A515F8F6C}.Debug|Any CPU.Build.0 = Debug|Any CPU
		{D82A292F-0727-4EC8-A6D9-CF4A515F8F6C}.Release|Any CPU.ActiveCfg = Release|Any CPU
		{D82A292F-0727-4EC8-A6D9-CF4A515F8F6C}.Release|Any CPU.Build.0 = Release|Any CPU
		{D82A292F-0727-4EC8-A6D9-CF4A515F8F6C}.Test|Any CPU.ActiveCfg = Release|Any CPU
		{D82A292F-0727-4EC8-A6D9-CF4A515F8F6C}.Test|Any CPU.Build.0 = Release|Any CPU
		{DEBE40EE-2DBA-40AB-8036-12316D6E55AE}.Debug|Any CPU.ActiveCfg = Debug|Any CPU
		{DEBE40EE-2DBA-40AB-8036-12316D6E55AE}.Debug|Any CPU.Build.0 = Debug|Any CPU
		{DEBE40EE-2DBA-40AB-8036-12316D6E55AE}.Release|Any CPU.ActiveCfg = Release|Any CPU
		{DEBE40EE-2DBA-40AB-8036-12316D6E55AE}.Release|Any CPU.Build.0 = Release|Any CPU
		{DEBE40EE-2DBA-40AB-8036-12316D6E55AE}.Test|Any CPU.ActiveCfg = Release|Any CPU
		{DEBE40EE-2DBA-40AB-8036-12316D6E55AE}.Test|Any CPU.Build.0 = Release|Any CPU
		{E1AC17CF-C1A3-44C4-9A21-5F5DD52A1146}.Debug|Any CPU.ActiveCfg = Debug|Any CPU
		{E1AC17CF-C1A3-44C4-9A21-5F5DD52A1146}.Debug|Any CPU.Build.0 = Debug|Any CPU
		{E1AC17CF-C1A3-44C4-9A21-5F5DD52A1146}.Release|Any CPU.ActiveCfg = Release|Any CPU
		{E1AC17CF-C1A3-44C4-9A21-5F5DD52A1146}.Release|Any CPU.Build.0 = Release|Any CPU
		{E1AC17CF-C1A3-44C4-9A21-5F5DD52A1146}.Test|Any CPU.ActiveCfg = Release|Any CPU
		{E1AC17CF-C1A3-44C4-9A21-5F5DD52A1146}.Test|Any CPU.Build.0 = Release|Any CPU
		{1EED9C11-D8C9-477D-B954-646B4850EA51}.Debug|Any CPU.ActiveCfg = Debug|Any CPU
		{1EED9C11-D8C9-477D-B954-646B4850EA51}.Debug|Any CPU.Build.0 = Debug|Any CPU
		{1EED9C11-D8C9-477D-B954-646B4850EA51}.Release|Any CPU.ActiveCfg = Release|Any CPU
		{1EED9C11-D8C9-477D-B954-646B4850EA51}.Release|Any CPU.Build.0 = Release|Any CPU
		{1EED9C11-D8C9-477D-B954-646B4850EA51}.Test|Any CPU.ActiveCfg = Release|Any CPU
		{1EED9C11-D8C9-477D-B954-646B4850EA51}.Test|Any CPU.Build.0 = Release|Any CPU
		{3AFDFC2E-525D-4017-8A5A-9E48B2BD5E8D}.Debug|Any CPU.ActiveCfg = Debug|Any CPU
		{3AFDFC2E-525D-4017-8A5A-9E48B2BD5E8D}.Debug|Any CPU.Build.0 = Debug|Any CPU
		{3AFDFC2E-525D-4017-8A5A-9E48B2BD5E8D}.Release|Any CPU.ActiveCfg = Release|Any CPU
		{3AFDFC2E-525D-4017-8A5A-9E48B2BD5E8D}.Release|Any CPU.Build.0 = Release|Any CPU
		{3AFDFC2E-525D-4017-8A5A-9E48B2BD5E8D}.Test|Any CPU.ActiveCfg = Release|Any CPU
		{3AFDFC2E-525D-4017-8A5A-9E48B2BD5E8D}.Test|Any CPU.Build.0 = Release|Any CPU
		{E19DFCC5-A50B-47BD-9FC7-CFE6735C91A7}.Debug|Any CPU.ActiveCfg = Debug|Any CPU
		{E19DFCC5-A50B-47BD-9FC7-CFE6735C91A7}.Debug|Any CPU.Build.0 = Debug|Any CPU
		{E19DFCC5-A50B-47BD-9FC7-CFE6735C91A7}.Release|Any CPU.ActiveCfg = Release|Any CPU
		{E19DFCC5-A50B-47BD-9FC7-CFE6735C91A7}.Release|Any CPU.Build.0 = Release|Any CPU
		{E19DFCC5-A50B-47BD-9FC7-CFE6735C91A7}.Test|Any CPU.ActiveCfg = Release|Any CPU
		{E19DFCC5-A50B-47BD-9FC7-CFE6735C91A7}.Test|Any CPU.Build.0 = Release|Any CPU
		{93C0BB41-2EC4-40E2-B9F7-D1379D31A568}.Debug|Any CPU.ActiveCfg = Debug|Any CPU
		{93C0BB41-2EC4-40E2-B9F7-D1379D31A568}.Debug|Any CPU.Build.0 = Debug|Any CPU
		{93C0BB41-2EC4-40E2-B9F7-D1379D31A568}.Release|Any CPU.ActiveCfg = Release|Any CPU
		{93C0BB41-2EC4-40E2-B9F7-D1379D31A568}.Release|Any CPU.Build.0 = Release|Any CPU
		{93C0BB41-2EC4-40E2-B9F7-D1379D31A568}.Test|Any CPU.ActiveCfg = Release|Any CPU
		{93C0BB41-2EC4-40E2-B9F7-D1379D31A568}.Test|Any CPU.Build.0 = Release|Any CPU
		{919583A2-3749-4C9B-9A00-82E385ED1750}.Debug|Any CPU.ActiveCfg = Debug|Any CPU
		{919583A2-3749-4C9B-9A00-82E385ED1750}.Debug|Any CPU.Build.0 = Debug|Any CPU
		{919583A2-3749-4C9B-9A00-82E385ED1750}.Release|Any CPU.ActiveCfg = Release|Any CPU
		{919583A2-3749-4C9B-9A00-82E385ED1750}.Release|Any CPU.Build.0 = Release|Any CPU
		{919583A2-3749-4C9B-9A00-82E385ED1750}.Test|Any CPU.ActiveCfg = Release|Any CPU
		{919583A2-3749-4C9B-9A00-82E385ED1750}.Test|Any CPU.Build.0 = Release|Any CPU
		{D132D718-FF9C-4F91-B53F-AE2236A95CD4}.Debug|Any CPU.ActiveCfg = Debug|Any CPU
		{D132D718-FF9C-4F91-B53F-AE2236A95CD4}.Debug|Any CPU.Build.0 = Debug|Any CPU
		{D132D718-FF9C-4F91-B53F-AE2236A95CD4}.Release|Any CPU.ActiveCfg = Release|Any CPU
		{D132D718-FF9C-4F91-B53F-AE2236A95CD4}.Release|Any CPU.Build.0 = Release|Any CPU
		{D132D718-FF9C-4F91-B53F-AE2236A95CD4}.Test|Any CPU.ActiveCfg = Debug|Any CPU
		{D132D718-FF9C-4F91-B53F-AE2236A95CD4}.Test|Any CPU.Build.0 = Debug|Any CPU
		{1CD69979-B141-40DE-8B39-02E349455A50}.Debug|Any CPU.ActiveCfg = Debug|Any CPU
		{1CD69979-B141-40DE-8B39-02E349455A50}.Debug|Any CPU.Build.0 = Debug|Any CPU
		{1CD69979-B141-40DE-8B39-02E349455A50}.Release|Any CPU.ActiveCfg = Release|Any CPU
		{1CD69979-B141-40DE-8B39-02E349455A50}.Release|Any CPU.Build.0 = Release|Any CPU
		{1CD69979-B141-40DE-8B39-02E349455A50}.Test|Any CPU.ActiveCfg = Debug|Any CPU
		{1CD69979-B141-40DE-8B39-02E349455A50}.Test|Any CPU.Build.0 = Debug|Any CPU
		{CFA6F54C-5D91-4072-8439-A9B031804C6A}.Debug|Any CPU.ActiveCfg = Debug|Any CPU
		{CFA6F54C-5D91-4072-8439-A9B031804C6A}.Debug|Any CPU.Build.0 = Debug|Any CPU
		{CFA6F54C-5D91-4072-8439-A9B031804C6A}.Release|Any CPU.ActiveCfg = Release|Any CPU
		{CFA6F54C-5D91-4072-8439-A9B031804C6A}.Release|Any CPU.Build.0 = Release|Any CPU
		{CFA6F54C-5D91-4072-8439-A9B031804C6A}.Test|Any CPU.ActiveCfg = Debug|Any CPU
		{CFA6F54C-5D91-4072-8439-A9B031804C6A}.Test|Any CPU.Build.0 = Debug|Any CPU
		{90832198-5788-4562-AD11-7F9D5159D42A}.Debug|Any CPU.ActiveCfg = Debug|Any CPU
		{90832198-5788-4562-AD11-7F9D5159D42A}.Debug|Any CPU.Build.0 = Debug|Any CPU
		{90832198-5788-4562-AD11-7F9D5159D42A}.Release|Any CPU.ActiveCfg = Release|Any CPU
		{90832198-5788-4562-AD11-7F9D5159D42A}.Release|Any CPU.Build.0 = Release|Any CPU
		{90832198-5788-4562-AD11-7F9D5159D42A}.Test|Any CPU.ActiveCfg = Debug|Any CPU
		{90832198-5788-4562-AD11-7F9D5159D42A}.Test|Any CPU.Build.0 = Debug|Any CPU
		{A6609361-F9B1-468C-8F4F-2D032BBD5956}.Debug|Any CPU.ActiveCfg = Debug|Any CPU
		{A6609361-F9B1-468C-8F4F-2D032BBD5956}.Debug|Any CPU.Build.0 = Debug|Any CPU
		{A6609361-F9B1-468C-8F4F-2D032BBD5956}.Release|Any CPU.ActiveCfg = Release|Any CPU
		{A6609361-F9B1-468C-8F4F-2D032BBD5956}.Release|Any CPU.Build.0 = Release|Any CPU
		{A6609361-F9B1-468C-8F4F-2D032BBD5956}.Test|Any CPU.ActiveCfg = Debug|Any CPU
		{A6609361-F9B1-468C-8F4F-2D032BBD5956}.Test|Any CPU.Build.0 = Debug|Any CPU
		{AD5AF1D5-E207-41F6-B9DF-8CFF20E67DE8}.Debug|Any CPU.ActiveCfg = Debug|Any CPU
		{AD5AF1D5-E207-41F6-B9DF-8CFF20E67DE8}.Debug|Any CPU.Build.0 = Debug|Any CPU
		{AD5AF1D5-E207-41F6-B9DF-8CFF20E67DE8}.Release|Any CPU.ActiveCfg = Release|Any CPU
		{AD5AF1D5-E207-41F6-B9DF-8CFF20E67DE8}.Release|Any CPU.Build.0 = Release|Any CPU
		{AD5AF1D5-E207-41F6-B9DF-8CFF20E67DE8}.Test|Any CPU.ActiveCfg = Debug|Any CPU
		{AD5AF1D5-E207-41F6-B9DF-8CFF20E67DE8}.Test|Any CPU.Build.0 = Debug|Any CPU
		{C5ABEAD3-EC1B-42F1-B85D-83C6215E07CF}.Debug|Any CPU.ActiveCfg = Debug|Any CPU
		{C5ABEAD3-EC1B-42F1-B85D-83C6215E07CF}.Debug|Any CPU.Build.0 = Debug|Any CPU
		{C5ABEAD3-EC1B-42F1-B85D-83C6215E07CF}.Release|Any CPU.ActiveCfg = Release|Any CPU
		{C5ABEAD3-EC1B-42F1-B85D-83C6215E07CF}.Release|Any CPU.Build.0 = Release|Any CPU
		{C5ABEAD3-EC1B-42F1-B85D-83C6215E07CF}.Test|Any CPU.ActiveCfg = Debug|Any CPU
		{C5ABEAD3-EC1B-42F1-B85D-83C6215E07CF}.Test|Any CPU.Build.0 = Debug|Any CPU
		{AEC77E74-6B78-4299-8FC6-E6F9E357CB0B}.Debug|Any CPU.ActiveCfg = Debug|Any CPU
		{AEC77E74-6B78-4299-8FC6-E6F9E357CB0B}.Debug|Any CPU.Build.0 = Debug|Any CPU
		{AEC77E74-6B78-4299-8FC6-E6F9E357CB0B}.Release|Any CPU.ActiveCfg = Release|Any CPU
		{AEC77E74-6B78-4299-8FC6-E6F9E357CB0B}.Release|Any CPU.Build.0 = Release|Any CPU
		{AEC77E74-6B78-4299-8FC6-E6F9E357CB0B}.Test|Any CPU.ActiveCfg = Debug|Any CPU
		{AEC77E74-6B78-4299-8FC6-E6F9E357CB0B}.Test|Any CPU.Build.0 = Debug|Any CPU
		{E4688CE4-000A-4722-A7F5-D738135B19DD}.Debug|Any CPU.ActiveCfg = Debug|Any CPU
		{E4688CE4-000A-4722-A7F5-D738135B19DD}.Debug|Any CPU.Build.0 = Debug|Any CPU
		{E4688CE4-000A-4722-A7F5-D738135B19DD}.Release|Any CPU.ActiveCfg = Release|Any CPU
		{E4688CE4-000A-4722-A7F5-D738135B19DD}.Release|Any CPU.Build.0 = Release|Any CPU
		{E4688CE4-000A-4722-A7F5-D738135B19DD}.Test|Any CPU.ActiveCfg = Debug|Any CPU
		{E4688CE4-000A-4722-A7F5-D738135B19DD}.Test|Any CPU.Build.0 = Debug|Any CPU
		{A4C245A6-25D7-4EF7-99AF-D21513B7C617}.Debug|Any CPU.ActiveCfg = Debug|Any CPU
		{A4C245A6-25D7-4EF7-99AF-D21513B7C617}.Debug|Any CPU.Build.0 = Debug|Any CPU
		{A4C245A6-25D7-4EF7-99AF-D21513B7C617}.Release|Any CPU.ActiveCfg = Release|Any CPU
		{A4C245A6-25D7-4EF7-99AF-D21513B7C617}.Release|Any CPU.Build.0 = Release|Any CPU
		{A4C245A6-25D7-4EF7-99AF-D21513B7C617}.Test|Any CPU.ActiveCfg = Debug|Any CPU
		{A4C245A6-25D7-4EF7-99AF-D21513B7C617}.Test|Any CPU.Build.0 = Debug|Any CPU
		{160B16EA-0F40-4E88-A281-22202F3ABECD}.Debug|Any CPU.ActiveCfg = Debug|Any CPU
		{160B16EA-0F40-4E88-A281-22202F3ABECD}.Debug|Any CPU.Build.0 = Debug|Any CPU
		{160B16EA-0F40-4E88-A281-22202F3ABECD}.Release|Any CPU.ActiveCfg = Release|Any CPU
		{160B16EA-0F40-4E88-A281-22202F3ABECD}.Release|Any CPU.Build.0 = Release|Any CPU
		{160B16EA-0F40-4E88-A281-22202F3ABECD}.Test|Any CPU.ActiveCfg = Debug|Any CPU
		{160B16EA-0F40-4E88-A281-22202F3ABECD}.Test|Any CPU.Build.0 = Debug|Any CPU
		{B13E233C-B24C-407C-A93F-B2EE51418BC1}.Debug|Any CPU.ActiveCfg = Debug|Any CPU
		{B13E233C-B24C-407C-A93F-B2EE51418BC1}.Debug|Any CPU.Build.0 = Debug|Any CPU
		{B13E233C-B24C-407C-A93F-B2EE51418BC1}.Release|Any CPU.ActiveCfg = Release|Any CPU
		{B13E233C-B24C-407C-A93F-B2EE51418BC1}.Release|Any CPU.Build.0 = Release|Any CPU
		{B13E233C-B24C-407C-A93F-B2EE51418BC1}.Test|Any CPU.ActiveCfg = Debug|Any CPU
		{B13E233C-B24C-407C-A93F-B2EE51418BC1}.Test|Any CPU.Build.0 = Debug|Any CPU
		{361B5241-DD7B-47A8-9E57-9E0A284FFDF6}.Debug|Any CPU.ActiveCfg = Debug|Any CPU
		{361B5241-DD7B-47A8-9E57-9E0A284FFDF6}.Debug|Any CPU.Build.0 = Debug|Any CPU
		{361B5241-DD7B-47A8-9E57-9E0A284FFDF6}.Release|Any CPU.ActiveCfg = Release|Any CPU
		{361B5241-DD7B-47A8-9E57-9E0A284FFDF6}.Release|Any CPU.Build.0 = Release|Any CPU
		{361B5241-DD7B-47A8-9E57-9E0A284FFDF6}.Test|Any CPU.ActiveCfg = Debug|Any CPU
		{361B5241-DD7B-47A8-9E57-9E0A284FFDF6}.Test|Any CPU.Build.0 = Debug|Any CPU
		{6A32636A-F383-4C0A-9096-71FE7180DED5}.Debug|Any CPU.ActiveCfg = Debug|Any CPU
		{6A32636A-F383-4C0A-9096-71FE7180DED5}.Debug|Any CPU.Build.0 = Debug|Any CPU
		{6A32636A-F383-4C0A-9096-71FE7180DED5}.Release|Any CPU.ActiveCfg = Release|Any CPU
		{6A32636A-F383-4C0A-9096-71FE7180DED5}.Release|Any CPU.Build.0 = Release|Any CPU
		{6A32636A-F383-4C0A-9096-71FE7180DED5}.Test|Any CPU.ActiveCfg = Test|Any CPU
		{6A32636A-F383-4C0A-9096-71FE7180DED5}.Test|Any CPU.Build.0 = Test|Any CPU
		{EBB868E8-B8FD-4552-99B7-2E71BA722393}.Debug|Any CPU.ActiveCfg = Debug|Any CPU
		{EBB868E8-B8FD-4552-99B7-2E71BA722393}.Debug|Any CPU.Build.0 = Debug|Any CPU
		{EBB868E8-B8FD-4552-99B7-2E71BA722393}.Release|Any CPU.ActiveCfg = Release|Any CPU
		{EBB868E8-B8FD-4552-99B7-2E71BA722393}.Release|Any CPU.Build.0 = Release|Any CPU
		{EBB868E8-B8FD-4552-99B7-2E71BA722393}.Test|Any CPU.ActiveCfg = Test|Any CPU
		{EBB868E8-B8FD-4552-99B7-2E71BA722393}.Test|Any CPU.Build.0 = Test|Any CPU
		{EC45DB57-048D-44E2-9DC9-A9897367DEB2}.Debug|Any CPU.ActiveCfg = Debug|Any CPU
		{EC45DB57-048D-44E2-9DC9-A9897367DEB2}.Debug|Any CPU.Build.0 = Debug|Any CPU
		{EC45DB57-048D-44E2-9DC9-A9897367DEB2}.Release|Any CPU.ActiveCfg = Release|Any CPU
		{EC45DB57-048D-44E2-9DC9-A9897367DEB2}.Release|Any CPU.Build.0 = Release|Any CPU
		{EC45DB57-048D-44E2-9DC9-A9897367DEB2}.Test|Any CPU.ActiveCfg = Debug|Any CPU
		{EC45DB57-048D-44E2-9DC9-A9897367DEB2}.Test|Any CPU.Build.0 = Debug|Any CPU
		{7DD472D2-8D78-4D90-99AE-D105AAC7F18E}.Debug|Any CPU.ActiveCfg = Debug|Any CPU
		{7DD472D2-8D78-4D90-99AE-D105AAC7F18E}.Debug|Any CPU.Build.0 = Debug|Any CPU
		{7DD472D2-8D78-4D90-99AE-D105AAC7F18E}.Release|Any CPU.ActiveCfg = Release|Any CPU
		{7DD472D2-8D78-4D90-99AE-D105AAC7F18E}.Release|Any CPU.Build.0 = Release|Any CPU
		{7DD472D2-8D78-4D90-99AE-D105AAC7F18E}.Test|Any CPU.ActiveCfg = Debug|Any CPU
		{7DD472D2-8D78-4D90-99AE-D105AAC7F18E}.Test|Any CPU.Build.0 = Debug|Any CPU
		{A2DCCB21-AE6A-4BF9-89A7-B8CD9697B55E}.Debug|Any CPU.ActiveCfg = Debug|Any CPU
		{A2DCCB21-AE6A-4BF9-89A7-B8CD9697B55E}.Debug|Any CPU.Build.0 = Debug|Any CPU
		{A2DCCB21-AE6A-4BF9-89A7-B8CD9697B55E}.Release|Any CPU.ActiveCfg = Release|Any CPU
		{A2DCCB21-AE6A-4BF9-89A7-B8CD9697B55E}.Release|Any CPU.Build.0 = Release|Any CPU
		{A2DCCB21-AE6A-4BF9-89A7-B8CD9697B55E}.Test|Any CPU.ActiveCfg = Debug|Any CPU
		{A2DCCB21-AE6A-4BF9-89A7-B8CD9697B55E}.Test|Any CPU.Build.0 = Debug|Any CPU
		{ED938A8C-D077-4E34-A03D-931689CE6894}.Debug|Any CPU.ActiveCfg = Debug|Any CPU
		{ED938A8C-D077-4E34-A03D-931689CE6894}.Debug|Any CPU.Build.0 = Debug|Any CPU
		{ED938A8C-D077-4E34-A03D-931689CE6894}.Release|Any CPU.ActiveCfg = Release|Any CPU
		{ED938A8C-D077-4E34-A03D-931689CE6894}.Release|Any CPU.Build.0 = Release|Any CPU
		{ED938A8C-D077-4E34-A03D-931689CE6894}.Test|Any CPU.ActiveCfg = Debug|Any CPU
		{ED938A8C-D077-4E34-A03D-931689CE6894}.Test|Any CPU.Build.0 = Debug|Any CPU
		{29A23C0A-256E-4845-9F19-4DE5FA3038B1}.Debug|Any CPU.ActiveCfg = Debug|Any CPU
		{29A23C0A-256E-4845-9F19-4DE5FA3038B1}.Debug|Any CPU.Build.0 = Debug|Any CPU
		{29A23C0A-256E-4845-9F19-4DE5FA3038B1}.Release|Any CPU.ActiveCfg = Release|Any CPU
		{29A23C0A-256E-4845-9F19-4DE5FA3038B1}.Release|Any CPU.Build.0 = Release|Any CPU
		{29A23C0A-256E-4845-9F19-4DE5FA3038B1}.Test|Any CPU.ActiveCfg = Debug|Any CPU
		{29A23C0A-256E-4845-9F19-4DE5FA3038B1}.Test|Any CPU.Build.0 = Debug|Any CPU
		{583382F1-9AB6-45D4-9976-8FF949B44295}.Debug|Any CPU.ActiveCfg = Debug|Any CPU
		{583382F1-9AB6-45D4-9976-8FF949B44295}.Debug|Any CPU.Build.0 = Debug|Any CPU
		{583382F1-9AB6-45D4-9976-8FF949B44295}.Release|Any CPU.ActiveCfg = Release|Any CPU
		{583382F1-9AB6-45D4-9976-8FF949B44295}.Release|Any CPU.Build.0 = Release|Any CPU
		{583382F1-9AB6-45D4-9976-8FF949B44295}.Test|Any CPU.ActiveCfg = Debug|Any CPU
		{583382F1-9AB6-45D4-9976-8FF949B44295}.Test|Any CPU.Build.0 = Debug|Any CPU
	EndGlobalSection
	GlobalSection(SolutionProperties) = preSolution
		HideSolutionNode = FALSE
	EndGlobalSection
	GlobalSection(NestedProjects) = preSolution
		{4FFDA05B-4727-4A99-9FE5-3C97673A544C} = {2A007311-A959-49A5-80A7-2080DA1685A0}
		{48A2E918-7163-4E22-BE65-05601896CBC3} = {2A007311-A959-49A5-80A7-2080DA1685A0}
		{C8E98521-D52D-48A4-A3E2-C1E0E468FEDD} = {DDCFFE3F-7B90-4275-865F-5C1C882A65E3}
		{75616839-FAA3-4156-90D1-C57F4AB3E128} = {DDCFFE3F-7B90-4275-865F-5C1C882A65E3}
		{1992D921-82FF-4506-B06B-D4D4F67C3C0C} = {DDCFFE3F-7B90-4275-865F-5C1C882A65E3}
		{8A4BED36-1993-4188-B2AF-7F3425B97859} = {DDCFFE3F-7B90-4275-865F-5C1C882A65E3}
		{7F363FF4-A45D-49AF-A9A9-9FDFBFC521DB} = {DDCFFE3F-7B90-4275-865F-5C1C882A65E3}
		{41AE10D0-91BD-407C-BF14-AFE3DE38C18A} = {DDCFFE3F-7B90-4275-865F-5C1C882A65E3}
		{5601D607-5E3C-4956-AC25-E772F2C23643} = {DDCFFE3F-7B90-4275-865F-5C1C882A65E3}
		{87BB3BEA-C26D-4CB9-85EC-035F44C9B8B2} = {DDCFFE3F-7B90-4275-865F-5C1C882A65E3}
		{43CCE157-05C7-4951-A64C-FCB225DB065A} = {DDCFFE3F-7B90-4275-865F-5C1C882A65E3}
		{670A40BC-EC71-4996-80F4-0023E186A675} = {5DBC24DF-8477-412E-8796-0E5BCE8FD5CB}
		{5E38B7C7-8D51-4026-87B5-0A0E2CFF5CE9} = {5DBC24DF-8477-412E-8796-0E5BCE8FD5CB}
		{81493DC2-D3B5-4EC5-90DD-F6D995E8C279} = {5DBC24DF-8477-412E-8796-0E5BCE8FD5CB}
		{8985BFD6-FF97-424D-B023-231D3939DA48} = {5DBC24DF-8477-412E-8796-0E5BCE8FD5CB}
		{4F3B5812-E1D5-4598-88C3-5E3FF6100961} = {5DBC24DF-8477-412E-8796-0E5BCE8FD5CB}
		{C5E9A943-2B73-4A7D-BF08-D25449EB6D0D} = {5DBC24DF-8477-412E-8796-0E5BCE8FD5CB}
		{DEA3C769-6FC8-4B34-91C0-6F022F26E7D5} = {5DBC24DF-8477-412E-8796-0E5BCE8FD5CB}
		{0373F969-30FE-4ED0-8741-F2D7454DC44C} = {5DBC24DF-8477-412E-8796-0E5BCE8FD5CB}
		{7A61C937-02A6-4324-90D0-533FF0D24B5F} = {2CE12ADB-CF0F-4EDE-91D6-3365B760E30E}
		{464C9257-9A1C-4DF6-8179-C48C9BCB4AA6} = {2CE12ADB-CF0F-4EDE-91D6-3365B760E30E}
		{D24F31A6-725A-43FD-B3EF-C64C60D51E36} = {2CE12ADB-CF0F-4EDE-91D6-3365B760E30E}
		{CABC2EAD-D451-4251-B4CE-4EC6B102FF1E} = {2CE12ADB-CF0F-4EDE-91D6-3365B760E30E}
		{5BF2C3ED-7BC0-489A-8527-F936DCCA56FD} = {2CE12ADB-CF0F-4EDE-91D6-3365B760E30E}
		{73B9587E-41A2-44DF-9461-8E08693EC94C} = {2CE12ADB-CF0F-4EDE-91D6-3365B760E30E}
		{0E0AF83F-EB41-4B0B-8847-7C5F6F78F2CD} = {2CE12ADB-CF0F-4EDE-91D6-3365B760E30E}
		{AC14F306-F8C8-4DEE-AF5A-E14EB6AE0F56} = {2CE12ADB-CF0F-4EDE-91D6-3365B760E30E}
		{D872ED7B-B2E4-40A4-BA06-2F30DB071C92} = {2CE12ADB-CF0F-4EDE-91D6-3365B760E30E}
		{6E9EA639-E926-4AF2-85C8-9762C21883D0} = {B3EAA488-6D59-4CBB-BF8D-361351FE41C8}
		{E5A65E0B-11E3-46B5-9BD2-1FC3E5B65EA1} = {B3EAA488-6D59-4CBB-BF8D-361351FE41C8}
		{CA2D8048-7D7F-4DE8-8AF2-E2379F699407} = {B3EAA488-6D59-4CBB-BF8D-361351FE41C8}
		{C25951A5-ABBB-4188-BE6E-3153E6BEF9E1} = {B3EAA488-6D59-4CBB-BF8D-361351FE41C8}
		{47CE5CB7-05F6-4323-AF2A-0697A839F0F7} = {B3EAA488-6D59-4CBB-BF8D-361351FE41C8}
		{66DD5A08-9AAE-44B6-9B56-2D061D6B627E} = {B3EAA488-6D59-4CBB-BF8D-361351FE41C8}
		{36EA523C-C7B9-48F9-AE4E-8E093B13F6A1} = {B3EAA488-6D59-4CBB-BF8D-361351FE41C8}
		{E2C67F15-E71F-4228-9D3A-9364C58ECCE9} = {B3EAA488-6D59-4CBB-BF8D-361351FE41C8}
		{E37FD9C1-D80E-4CB2-B274-9814A738292D} = {B3EAA488-6D59-4CBB-BF8D-361351FE41C8}
		{9AD14DE0-F20F-48E0-A3FB-009B6AA0C6C6} = {B3EAA488-6D59-4CBB-BF8D-361351FE41C8}
		{708C3AAF-B385-4E3E-84E3-82A2873E87F5} = {B3EAA488-6D59-4CBB-BF8D-361351FE41C8}
		{CECA5A76-81A9-4A08-8715-20CCB7F43190} = {B3EAA488-6D59-4CBB-BF8D-361351FE41C8}
		{A0EBE2CC-36BB-4F80-98C1-737B37D505B7} = {B5ADB99D-1ACB-4753-BC68-C5AF0320AF59}
		{E100FBC9-DF88-49CB-9FD4-A1724C95D0DA} = {B5ADB99D-1ACB-4753-BC68-C5AF0320AF59}
		{DB2C5CF5-E7D2-4453-9165-76E06EB79C0F} = {B5ADB99D-1ACB-4753-BC68-C5AF0320AF59}
		{1E071D9C-E1B8-4783-8EF9-36AE259B59A3} = {B5ADB99D-1ACB-4753-BC68-C5AF0320AF59}
		{BF154D7B-B5E4-4385-9941-38D5C6E261A2} = {C3C1E9DC-DCB0-45DC-801A-EEFA325FD6BF}
		{2C337CB6-B7AE-4E6F-86CB-FDFEF7DFAA3A} = {C3C1E9DC-DCB0-45DC-801A-EEFA325FD6BF}
		{AF3AE84B-EBD3-410E-AB17-24D945ED8F5D} = {C3C1E9DC-DCB0-45DC-801A-EEFA325FD6BF}
		{1550BE23-C9A2-446C-BFFA-F08B35E29870} = {87BAFA3B-F7E6-4BA0-89D5-256F2AB6442F}
		{2B29B111-B66E-4F05-AAB7-A5AF30382DED} = {87BAFA3B-F7E6-4BA0-89D5-256F2AB6442F}
		{E5EB9BCC-E135-48C0-A0AE-1BE3C0609232} = {87BAFA3B-F7E6-4BA0-89D5-256F2AB6442F}
		{E78660D8-7A4C-401A-BCAD-BF541596CD7A} = {87BAFA3B-F7E6-4BA0-89D5-256F2AB6442F}
		{CDAEAAAA-C2E6-4CD8-9450-DAAF5976C31D} = {99839C5B-7D23-4F70-834C-524B72D8DFD1}
		{3F97A186-F25C-47A5-A7D8-5255594DD96D} = {480F35AB-C37D-4476-AEEF-3CE46212B77F}
		{17820188-14D4-43E9-8BBA-643EB7E0B2A4} = {480F35AB-C37D-4476-AEEF-3CE46212B77F}
		{2DD40B35-C6E7-4BCF-A7F7-F7703DD144B1} = {480F35AB-C37D-4476-AEEF-3CE46212B77F}
		{1E15ADFD-3114-42D4-9DDD-50B7BC3AB7E4} = {02F7B999-5676-40DE-B301-A77D79AE98FF}
		{AA7563E9-6828-437C-9838-8A7E9D2E9B1F} = {02F7B999-5676-40DE-B301-A77D79AE98FF}
		{4B67AD24-5A50-4633-923D-ED2372E0DF03} = {02F7B999-5676-40DE-B301-A77D79AE98FF}
		{361FACFA-E33D-4FFA-AC12-7C7CADCDE6F9} = {02F7B999-5676-40DE-B301-A77D79AE98FF}
		{91CA4CDC-C2BE-41E0-9FE9-B90310BB57C8} = {02F7B999-5676-40DE-B301-A77D79AE98FF}
		{113D0CC6-0229-4650-A407-D26F01BAAAB3} = {02F7B999-5676-40DE-B301-A77D79AE98FF}
		{5F16FC92-A72B-4643-8569-AC5FBF4F4209} = {02F7B999-5676-40DE-B301-A77D79AE98FF}
		{5660E4D3-5D65-4DFC-ABAC-F6BE95A1D108} = {02F7B999-5676-40DE-B301-A77D79AE98FF}
		{47D45D82-7669-40C7-9B64-C34A14CC7748} = {02F7B999-5676-40DE-B301-A77D79AE98FF}
		{BE2C3E09-950B-4620-92B5-FE9E85392CBF} = {B4405685-581F-4676-99FD-68756CA2A41A}
		{CF92FF4E-F822-4ABD-8965-2AEE891FC4AD} = {BE2C3E09-950B-4620-92B5-FE9E85392CBF}
		{B860A11F-6A3C-4210-AFAB-D113551B05CF} = {BE2C3E09-950B-4620-92B5-FE9E85392CBF}
		{A3AA10FF-9657-4316-8B80-25E60EC5D00D} = {BE2C3E09-950B-4620-92B5-FE9E85392CBF}
		{B2ABD3D3-075E-4930-9907-A0C5A253DD7C} = {BE2C3E09-950B-4620-92B5-FE9E85392CBF}
		{F31548B6-9FE6-4F0D-AC76-25E5D0BC9ED2} = {BE2C3E09-950B-4620-92B5-FE9E85392CBF}
		{D1FD28BC-8980-4004-A226-E4EF56EF92E3} = {BE2C3E09-950B-4620-92B5-FE9E85392CBF}
		{04E51862-FE47-4513-903C-D3416C8A5C48} = {BE2C3E09-950B-4620-92B5-FE9E85392CBF}
		{A4839632-0EDA-466C-9AF0-574BACA148CB} = {B4405685-581F-4676-99FD-68756CA2A41A}
		{3971CC7A-143C-4D17-B825-A513007C3EEA} = {B4405685-581F-4676-99FD-68756CA2A41A}
		{D82A292F-0727-4EC8-A6D9-CF4A515F8F6C} = {B4405685-581F-4676-99FD-68756CA2A41A}
		{DEBE40EE-2DBA-40AB-8036-12316D6E55AE} = {B4405685-581F-4676-99FD-68756CA2A41A}
		{E1AC17CF-C1A3-44C4-9A21-5F5DD52A1146} = {B4405685-581F-4676-99FD-68756CA2A41A}
		{1EED9C11-D8C9-477D-B954-646B4850EA51} = {B4405685-581F-4676-99FD-68756CA2A41A}
		{3AFDFC2E-525D-4017-8A5A-9E48B2BD5E8D} = {B4405685-581F-4676-99FD-68756CA2A41A}
		{E19DFCC5-A50B-47BD-9FC7-CFE6735C91A7} = {B4405685-581F-4676-99FD-68756CA2A41A}
		{93C0BB41-2EC4-40E2-B9F7-D1379D31A568} = {B4405685-581F-4676-99FD-68756CA2A41A}
		{919583A2-3749-4C9B-9A00-82E385ED1750} = {B4405685-581F-4676-99FD-68756CA2A41A}
		{D132D718-FF9C-4F91-B53F-AE2236A95CD4} = {9BBFF37E-8FEB-42E5-8CCD-C6E8E854F63B}
		{1CD69979-B141-40DE-8B39-02E349455A50} = {9BBFF37E-8FEB-42E5-8CCD-C6E8E854F63B}
		{CFA6F54C-5D91-4072-8439-A9B031804C6A} = {9BBFF37E-8FEB-42E5-8CCD-C6E8E854F63B}
		{90832198-5788-4562-AD11-7F9D5159D42A} = {9BBFF37E-8FEB-42E5-8CCD-C6E8E854F63B}
		{A6609361-F9B1-468C-8F4F-2D032BBD5956} = {9BBFF37E-8FEB-42E5-8CCD-C6E8E854F63B}
		{AD5AF1D5-E207-41F6-B9DF-8CFF20E67DE8} = {9BBFF37E-8FEB-42E5-8CCD-C6E8E854F63B}
		{C5ABEAD3-EC1B-42F1-B85D-83C6215E07CF} = {9BBFF37E-8FEB-42E5-8CCD-C6E8E854F63B}
		{AEC77E74-6B78-4299-8FC6-E6F9E357CB0B} = {9BBFF37E-8FEB-42E5-8CCD-C6E8E854F63B}
		{E4688CE4-000A-4722-A7F5-D738135B19DD} = {9BBFF37E-8FEB-42E5-8CCD-C6E8E854F63B}
		{A4C245A6-25D7-4EF7-99AF-D21513B7C617} = {9BBFF37E-8FEB-42E5-8CCD-C6E8E854F63B}
		{160B16EA-0F40-4E88-A281-22202F3ABECD} = {9BBFF37E-8FEB-42E5-8CCD-C6E8E854F63B}
		{B13E233C-B24C-407C-A93F-B2EE51418BC1} = {312F3C1E-F500-425B-BA3F-143A9CE62B93}
		{694E7316-9F30-4777-B1A6-BDD88D2F8396} = {312F3C1E-F500-425B-BA3F-143A9CE62B93}
		{361B5241-DD7B-47A8-9E57-9E0A284FFDF6} = {87BAFA3B-F7E6-4BA0-89D5-256F2AB6442F}
		{6A32636A-F383-4C0A-9096-71FE7180DED5} = {87BAFA3B-F7E6-4BA0-89D5-256F2AB6442F}
		{EBB868E8-B8FD-4552-99B7-2E71BA722393} = {87BAFA3B-F7E6-4BA0-89D5-256F2AB6442F}
		{EC45DB57-048D-44E2-9DC9-A9897367DEB2} = {87BAFA3B-F7E6-4BA0-89D5-256F2AB6442F}
		{7DD472D2-8D78-4D90-99AE-D105AAC7F18E} = {480F35AB-C37D-4476-AEEF-3CE46212B77F}
		{A2DCCB21-AE6A-4BF9-89A7-B8CD9697B55E} = {9C99AC11-5AE2-4707-9AC0-0677999290E7}
		{ED938A8C-D077-4E34-A03D-931689CE6894} = {9C99AC11-5AE2-4707-9AC0-0677999290E7}
		{29A23C0A-256E-4845-9F19-4DE5FA3038B1} = {87BAFA3B-F7E6-4BA0-89D5-256F2AB6442F}
		{583382F1-9AB6-45D4-9976-8FF949B44295} = {87BAFA3B-F7E6-4BA0-89D5-256F2AB6442F}
	EndGlobalSection
	GlobalSection(ExtensibilityGlobals) = postSolution
		SolutionGuid = {D802AF8C-ABC0-4D5D-8329-CEA88CE7648E}
	EndGlobalSection
EndGlobal
